// !$*UTF8*$!
{
	archiveVersion = 1;
	classes = {
	};
	objectVersion = 50;
	objects = {

/* Begin PBXBuildFile section */
		7279FB8F7B4EEFDFFC8FDC2A /* Pods_FlashStash.framework in Frameworks */ = {isa = PBXBuildFile; fileRef = CD692BF82698897E370846C5 /* Pods_FlashStash.framework */; };
		7E0A31AE210BD0870013DCDE /* FolderCollectionViewCell.swift in Sources */ = {isa = PBXBuildFile; fileRef = 7E0A31AD210BD0870013DCDE /* FolderCollectionViewCell.swift */; };
		7E0A31B6210BD0FA0013DCDE /* HomeViewController.swift in Sources */ = {isa = PBXBuildFile; fileRef = 7E0A31B5210BD0FA0013DCDE /* HomeViewController.swift */; };
		7E23DF5F211225E400ECB907 /* CreateCardViewController.swift in Sources */ = {isa = PBXBuildFile; fileRef = 7E23DF5E211225E400ECB907 /* CreateCardViewController.swift */; };
		7E23DF612112787F00ECB907 /* TextView+CenterText.swift in Sources */ = {isa = PBXBuildFile; fileRef = 7E23DF602112787F00ECB907 /* TextView+CenterText.swift */; };
		7E30069D211B966800FD2121 /* TempCard.swift in Sources */ = {isa = PBXBuildFile; fileRef = 7E30069C211B966800FD2121 /* TempCard.swift */; };
		7E30069F211BB18B00FD2121 /* TempCardController.swift in Sources */ = {isa = PBXBuildFile; fileRef = 7E30069E211BB18B00FD2121 /* TempCardController.swift */; };
		7E31E1F821090A740073190B /* CardController.swift in Sources */ = {isa = PBXBuildFile; fileRef = 7E31E1F721090A740073190B /* CardController.swift */; };
		7E4568BC21113B0D00F3B1C6 /* CardListViewController.swift in Sources */ = {isa = PBXBuildFile; fileRef = 7E4568BB21113B0D00F3B1C6 /* CardListViewController.swift */; };
		7E4568BE21113C9200F3B1C6 /* CardListCollectionViewCell.swift in Sources */ = {isa = PBXBuildFile; fileRef = 7E4568BD21113C9200F3B1C6 /* CardListCollectionViewCell.swift */; };
		7E5B7CE4210D674E00D515A8 /* OpenSans-Bold.ttf in Resources */ = {isa = PBXBuildFile; fileRef = 7E5B7CDD210D674300D515A8 /* OpenSans-Bold.ttf */; };
		7E5B7CF7210D69EC00D515A8 /* OpenSans-Regular.ttf in Resources */ = {isa = PBXBuildFile; fileRef = 7E5B7CEE210D69EB00D515A8 /* OpenSans-Regular.ttf */; };
		7E5B7CF8210D69EC00D515A8 /* OpenSans-Semibold.ttf in Resources */ = {isa = PBXBuildFile; fileRef = 7E5B7CEF210D69EB00D515A8 /* OpenSans-Semibold.ttf */; };
		7E5B7CF9210D69EC00D515A8 /* OpenSans-LightItalic.ttf in Resources */ = {isa = PBXBuildFile; fileRef = 7E5B7CF0210D69EB00D515A8 /* OpenSans-LightItalic.ttf */; };
		7E5B7CFA210D69EC00D515A8 /* OpenSans-ExtraBoldItalic.ttf in Resources */ = {isa = PBXBuildFile; fileRef = 7E5B7CF1210D69EC00D515A8 /* OpenSans-ExtraBoldItalic.ttf */; };
		7E5B7CFB210D69EC00D515A8 /* OpenSans-SemiboldItalic.ttf in Resources */ = {isa = PBXBuildFile; fileRef = 7E5B7CF2210D69EC00D515A8 /* OpenSans-SemiboldItalic.ttf */; };
		7E5B7CFC210D69EC00D515A8 /* OpenSans-Italic.ttf in Resources */ = {isa = PBXBuildFile; fileRef = 7E5B7CF3210D69EC00D515A8 /* OpenSans-Italic.ttf */; };
		7E5B7CFD210D69EC00D515A8 /* OpenSans-ExtraBold.ttf in Resources */ = {isa = PBXBuildFile; fileRef = 7E5B7CF4210D69EC00D515A8 /* OpenSans-ExtraBold.ttf */; };
		7E5B7CFE210D69EC00D515A8 /* OpenSans-BoldItalic.ttf in Resources */ = {isa = PBXBuildFile; fileRef = 7E5B7CF5210D69EC00D515A8 /* OpenSans-BoldItalic.ttf */; };
		7E5B7CFF210D69EC00D515A8 /* OpenSans-Light.ttf in Resources */ = {isa = PBXBuildFile; fileRef = 7E5B7CF6210D69EC00D515A8 /* OpenSans-Light.ttf */; };
		7E5B7D01210D6EE800D515A8 /* DeckTableViewCell.swift in Sources */ = {isa = PBXBuildFile; fileRef = 7E5B7D00210D6EE800D515A8 /* DeckTableViewCell.swift */; };
		7E5B7D03210D703200D515A8 /* DeckListTableViewController.swift in Sources */ = {isa = PBXBuildFile; fileRef = 7E5B7D02210D703200D515A8 /* DeckListTableViewController.swift */; };
		7E5B7D05210EA17200D515A8 /* AddDeckViewController.swift in Sources */ = {isa = PBXBuildFile; fileRef = 7E5B7D04210EA17200D515A8 /* AddDeckViewController.swift */; };
		7E5B7D07210FA1E100D515A8 /* TragicMarker.otf in Resources */ = {isa = PBXBuildFile; fileRef = 7E5B7D06210FA1E000D515A8 /* TragicMarker.otf */; };
		7E8213EA2111251500E06F63 /* TOCropViewControllerLocalizable.strings in Resources */ = {isa = PBXBuildFile; fileRef = 7E8213BA2111251500E06F63 /* TOCropViewControllerLocalizable.strings */; };
		7E8213EB2111251500E06F63 /* TOActivityCroppedImageProvider.m in Sources */ = {isa = PBXBuildFile; fileRef = 7E8213D02111251500E06F63 /* TOActivityCroppedImageProvider.m */; };
		7E8213EC2111251500E06F63 /* TOCropViewControllerTransitioning.m in Sources */ = {isa = PBXBuildFile; fileRef = 7E8213D12111251500E06F63 /* TOCropViewControllerTransitioning.m */; };
		7E8213ED2111251500E06F63 /* TOCroppedImageAttributes.m in Sources */ = {isa = PBXBuildFile; fileRef = 7E8213D22111251500E06F63 /* TOCroppedImageAttributes.m */; };
		7E8213EE2111251500E06F63 /* TOCropViewController.m in Sources */ = {isa = PBXBuildFile; fileRef = 7E8213D62111251500E06F63 /* TOCropViewController.m */; };
		7E8213EF2111251500E06F63 /* Info.plist in Resources */ = {isa = PBXBuildFile; fileRef = 7E8213D82111251500E06F63 /* Info.plist */; };
		7E8213F02111251500E06F63 /* TOCropScrollView.m in Sources */ = {isa = PBXBuildFile; fileRef = 7E8213DD2111251500E06F63 /* TOCropScrollView.m */; };
		7E8213F12111251500E06F63 /* TOCropView.m in Sources */ = {isa = PBXBuildFile; fileRef = 7E8213DE2111251500E06F63 /* TOCropView.m */; };
		7E8213F22111251500E06F63 /* TOCropOverlayView.m in Sources */ = {isa = PBXBuildFile; fileRef = 7E8213DF2111251500E06F63 /* TOCropOverlayView.m */; };
		7E8213F32111251500E06F63 /* TOCropToolbar.m in Sources */ = {isa = PBXBuildFile; fileRef = 7E8213E02111251500E06F63 /* TOCropToolbar.m */; };
		7E8213F42111251500E06F63 /* UIImage+CropRotate.m in Sources */ = {isa = PBXBuildFile; fileRef = 7E8213E32111251500E06F63 /* UIImage+CropRotate.m */; };
		7E8213F52111251500E06F63 /* CropViewController.swift in Sources */ = {isa = PBXBuildFile; fileRef = 7E8213E82111251500E06F63 /* CropViewController.swift */; };
		7E8213F62111251500E06F63 /* Info.plist in Resources */ = {isa = PBXBuildFile; fileRef = 7E8213E92111251500E06F63 /* Info.plist */; };
		7E93D2DE2128E37400D8B3B4 /* StudyCardViewController.swift in Sources */ = {isa = PBXBuildFile; fileRef = 7E93D2DD2128E37400D8B3B4 /* StudyCardViewController.swift */; };
		7E93D2E12128EDED00D8B3B4 /* OneSectionStudyCardContainerViewController.swift in Sources */ = {isa = PBXBuildFile; fileRef = 7E93D2E02128EDED00D8B3B4 /* OneSectionStudyCardContainerViewController.swift */; };
		7E93D2E32128EE1700D8B3B4 /* TwoSectionStudyCardContainerViewController.swift in Sources */ = {isa = PBXBuildFile; fileRef = 7E93D2E22128EE1700D8B3B4 /* TwoSectionStudyCardContainerViewController.swift */; };
		7E93D2E52128F47D00D8B3B4 /* StudyCardResultsViewController.swift in Sources */ = {isa = PBXBuildFile; fileRef = 7E93D2E42128F47D00D8B3B4 /* StudyCardResultsViewController.swift */; };
		7EC95A6D211A8CFC004DED4C /* AutoCropCameraScanner.swift in Sources */ = {isa = PBXBuildFile; fileRef = 7EC95A6C211A8CFC004DED4C /* AutoCropCameraScanner.swift */; };
		7EC95A70211A8EB3004DED4C /* AutoCropViewController.swift in Sources */ = {isa = PBXBuildFile; fileRef = 7EC95A6F211A8EB3004DED4C /* AutoCropViewController.swift */; };
		7EC95A72211A9186004DED4C /* PhotoPreviewViewController.swift in Sources */ = {isa = PBXBuildFile; fileRef = 7EC95A71211A9186004DED4C /* PhotoPreviewViewController.swift */; };
		7EDF03412107B9FF00DFEEE3 /* AppDelegate.swift in Sources */ = {isa = PBXBuildFile; fileRef = 7EDF03402107B9FF00DFEEE3 /* AppDelegate.swift */; };
		7EDF03462107B9FF00DFEEE3 /* Main.storyboard in Resources */ = {isa = PBXBuildFile; fileRef = 7EDF03442107B9FF00DFEEE3 /* Main.storyboard */; };
		7EDF03492107B9FF00DFEEE3 /* FlashStash.xcdatamodeld in Sources */ = {isa = PBXBuildFile; fileRef = 7EDF03472107B9FF00DFEEE3 /* FlashStash.xcdatamodeld */; };
		7EDF034B2107BA0100DFEEE3 /* Assets.xcassets in Resources */ = {isa = PBXBuildFile; fileRef = 7EDF034A2107BA0100DFEEE3 /* Assets.xcassets */; };
		7EDF034E2107BA0100DFEEE3 /* LaunchScreen.storyboard in Resources */ = {isa = PBXBuildFile; fileRef = 7EDF034C2107BA0100DFEEE3 /* LaunchScreen.storyboard */; };
		7EDF03592107BA0100DFEEE3 /* FlashStashUITests.swift in Sources */ = {isa = PBXBuildFile; fileRef = 7EDF03582107BA0100DFEEE3 /* FlashStashUITests.swift */; };
		7EF008292107F53F00A93804 /* Card.swift in Sources */ = {isa = PBXBuildFile; fileRef = 7EF008282107F53F00A93804 /* Card.swift */; };
		7EF0082B2107F5B900A93804 /* Deck.swift in Sources */ = {isa = PBXBuildFile; fileRef = 7EF0082A2107F5B900A93804 /* Deck.swift */; };
		7EF0082D2107F5CF00A93804 /* Folder.swift in Sources */ = {isa = PBXBuildFile; fileRef = 7EF0082C2107F5CF00A93804 /* Folder.swift */; };
		7EF0082F2108DD5600A93804 /* CoreDataStack.swift in Sources */ = {isa = PBXBuildFile; fileRef = 7EF0082E2108DD5600A93804 /* CoreDataStack.swift */; };
		7EF008312108DDB500A93804 /* TestFile.swift in Sources */ = {isa = PBXBuildFile; fileRef = 7EF008302108DDB500A93804 /* TestFile.swift */; };
		7EF008332108EF1C00A93804 /* FolderController.swift in Sources */ = {isa = PBXBuildFile; fileRef = 7EF008322108EF1C00A93804 /* FolderController.swift */; };
		7EF008352108F21F00A93804 /* DeckController.swift in Sources */ = {isa = PBXBuildFile; fileRef = 7EF008342108F21F00A93804 /* DeckController.swift */; };
		7EF78AEF2112BC0B00E62C31 /* OneSectionShowContainerViewController.swift in Sources */ = {isa = PBXBuildFile; fileRef = 7EF78AEE2112BC0B00E62C31 /* OneSectionShowContainerViewController.swift */; };
		7EF78AF12112BC3200E62C31 /* TwoSectionsContainerViewController.swift in Sources */ = {isa = PBXBuildFile; fileRef = 7EF78AF02112BC3200E62C31 /* TwoSectionsContainerViewController.swift */; };
		7EF78AF321139BF100E62C31 /* Notification.swift in Sources */ = {isa = PBXBuildFile; fileRef = 7EF78AF221139BF100E62C31 /* Notification.swift */; };
		A39A2C26ABF13E3CBBF4315D /* Pods_FlashStashUITests.framework in Frameworks */ = {isa = PBXBuildFile; fileRef = DB0F027FA48B839BDC2D91A6 /* Pods_FlashStashUITests.framework */; };
/* End PBXBuildFile section */

/* Begin PBXContainerItemProxy section */
		7EDF03552107BA0100DFEEE3 /* PBXContainerItemProxy */ = {
			isa = PBXContainerItemProxy;
			containerPortal = 7EDF03352107B9FE00DFEEE3 /* Project object */;
			proxyType = 1;
			remoteGlobalIDString = 7EDF033C2107B9FF00DFEEE3;
			remoteInfo = FlashStash;
		};
/* End PBXContainerItemProxy section */

/* Begin PBXFileReference section */
		3B613EF2651E3A27DE7ABE28 /* Pods-FlashStashUITests.release.xcconfig */ = {isa = PBXFileReference; includeInIndex = 1; lastKnownFileType = text.xcconfig; name = "Pods-FlashStashUITests.release.xcconfig"; path = "Pods/Target Support Files/Pods-FlashStashUITests/Pods-FlashStashUITests.release.xcconfig"; sourceTree = "<group>"; };
		5A7BB8573939098AD5EE4EFB /* Pods-FlashStash.release.xcconfig */ = {isa = PBXFileReference; includeInIndex = 1; lastKnownFileType = text.xcconfig; name = "Pods-FlashStash.release.xcconfig"; path = "Pods/Target Support Files/Pods-FlashStash/Pods-FlashStash.release.xcconfig"; sourceTree = "<group>"; };
		7E0A31AD210BD0870013DCDE /* FolderCollectionViewCell.swift */ = {isa = PBXFileReference; lastKnownFileType = sourcecode.swift; path = FolderCollectionViewCell.swift; sourceTree = "<group>"; };
		7E0A31B5210BD0FA0013DCDE /* HomeViewController.swift */ = {isa = PBXFileReference; lastKnownFileType = sourcecode.swift; path = HomeViewController.swift; sourceTree = "<group>"; };
		7E23DF5E211225E400ECB907 /* CreateCardViewController.swift */ = {isa = PBXFileReference; lastKnownFileType = sourcecode.swift; path = CreateCardViewController.swift; sourceTree = "<group>"; };
		7E23DF602112787F00ECB907 /* TextView+CenterText.swift */ = {isa = PBXFileReference; lastKnownFileType = sourcecode.swift; path = "TextView+CenterText.swift"; sourceTree = "<group>"; };
		7E30069C211B966800FD2121 /* TempCard.swift */ = {isa = PBXFileReference; lastKnownFileType = sourcecode.swift; path = TempCard.swift; sourceTree = "<group>"; };
		7E30069E211BB18B00FD2121 /* TempCardController.swift */ = {isa = PBXFileReference; lastKnownFileType = sourcecode.swift; path = TempCardController.swift; sourceTree = "<group>"; };
		7E31E1F721090A740073190B /* CardController.swift */ = {isa = PBXFileReference; lastKnownFileType = sourcecode.swift; path = CardController.swift; sourceTree = "<group>"; };
		7E4568BB21113B0D00F3B1C6 /* CardListViewController.swift */ = {isa = PBXFileReference; lastKnownFileType = sourcecode.swift; path = CardListViewController.swift; sourceTree = "<group>"; };
		7E4568BD21113C9200F3B1C6 /* CardListCollectionViewCell.swift */ = {isa = PBXFileReference; lastKnownFileType = sourcecode.swift; path = CardListCollectionViewCell.swift; sourceTree = "<group>"; };
		7E5B7CDD210D674300D515A8 /* OpenSans-Bold.ttf */ = {isa = PBXFileReference; lastKnownFileType = file; path = "OpenSans-Bold.ttf"; sourceTree = "<group>"; };
		7E5B7CEE210D69EB00D515A8 /* OpenSans-Regular.ttf */ = {isa = PBXFileReference; lastKnownFileType = file; path = "OpenSans-Regular.ttf"; sourceTree = "<group>"; };
		7E5B7CEF210D69EB00D515A8 /* OpenSans-Semibold.ttf */ = {isa = PBXFileReference; lastKnownFileType = file; path = "OpenSans-Semibold.ttf"; sourceTree = "<group>"; };
		7E5B7CF0210D69EB00D515A8 /* OpenSans-LightItalic.ttf */ = {isa = PBXFileReference; lastKnownFileType = file; path = "OpenSans-LightItalic.ttf"; sourceTree = "<group>"; };
		7E5B7CF1210D69EC00D515A8 /* OpenSans-ExtraBoldItalic.ttf */ = {isa = PBXFileReference; lastKnownFileType = file; path = "OpenSans-ExtraBoldItalic.ttf"; sourceTree = "<group>"; };
		7E5B7CF2210D69EC00D515A8 /* OpenSans-SemiboldItalic.ttf */ = {isa = PBXFileReference; lastKnownFileType = file; path = "OpenSans-SemiboldItalic.ttf"; sourceTree = "<group>"; };
		7E5B7CF3210D69EC00D515A8 /* OpenSans-Italic.ttf */ = {isa = PBXFileReference; lastKnownFileType = file; path = "OpenSans-Italic.ttf"; sourceTree = "<group>"; };
		7E5B7CF4210D69EC00D515A8 /* OpenSans-ExtraBold.ttf */ = {isa = PBXFileReference; lastKnownFileType = file; path = "OpenSans-ExtraBold.ttf"; sourceTree = "<group>"; };
		7E5B7CF5210D69EC00D515A8 /* OpenSans-BoldItalic.ttf */ = {isa = PBXFileReference; lastKnownFileType = file; path = "OpenSans-BoldItalic.ttf"; sourceTree = "<group>"; };
		7E5B7CF6210D69EC00D515A8 /* OpenSans-Light.ttf */ = {isa = PBXFileReference; lastKnownFileType = file; path = "OpenSans-Light.ttf"; sourceTree = "<group>"; };
		7E5B7D00210D6EE800D515A8 /* DeckTableViewCell.swift */ = {isa = PBXFileReference; lastKnownFileType = sourcecode.swift; path = DeckTableViewCell.swift; sourceTree = "<group>"; };
		7E5B7D02210D703200D515A8 /* DeckListTableViewController.swift */ = {isa = PBXFileReference; lastKnownFileType = sourcecode.swift; path = DeckListTableViewController.swift; sourceTree = "<group>"; };
		7E5B7D04210EA17200D515A8 /* AddDeckViewController.swift */ = {isa = PBXFileReference; lastKnownFileType = sourcecode.swift; path = AddDeckViewController.swift; sourceTree = "<group>"; };
		7E5B7D06210FA1E000D515A8 /* TragicMarker.otf */ = {isa = PBXFileReference; lastKnownFileType = file; path = TragicMarker.otf; sourceTree = "<group>"; };
		7E8213B82111251500E06F63 /* TOCropViewConstants.h */ = {isa = PBXFileReference; fileEncoding = 4; lastKnownFileType = sourcecode.c.h; path = TOCropViewConstants.h; sourceTree = "<group>"; };
		7E8213BB2111251500E06F63 /* de */ = {isa = PBXFileReference; lastKnownFileType = text.plist.strings; name = de; path = de.lproj/TOCropViewControllerLocalizable.strings; sourceTree = "<group>"; };
		7E8213BC2111251500E06F63 /* ar */ = {isa = PBXFileReference; lastKnownFileType = text.plist.strings; name = ar; path = ar.lproj/TOCropViewControllerLocalizable.strings; sourceTree = "<group>"; };
		7E8213BD2111251500E06F63 /* zh-Hans */ = {isa = PBXFileReference; lastKnownFileType = text.plist.strings; name = "zh-Hans"; path = "zh-Hans.lproj/TOCropViewControllerLocalizable.strings"; sourceTree = "<group>"; };
		7E8213BE2111251500E06F63 /* ja */ = {isa = PBXFileReference; lastKnownFileType = text.plist.strings; name = ja; path = ja.lproj/TOCropViewControllerLocalizable.strings; sourceTree = "<group>"; };
		7E8213BF2111251500E06F63 /* en */ = {isa = PBXFileReference; lastKnownFileType = text.plist.strings; name = en; path = en.lproj/TOCropViewControllerLocalizable.strings; sourceTree = "<group>"; };
		7E8213C02111251500E06F63 /* es */ = {isa = PBXFileReference; lastKnownFileType = text.plist.strings; name = es; path = es.lproj/TOCropViewControllerLocalizable.strings; sourceTree = "<group>"; };
		7E8213C12111251500E06F63 /* it */ = {isa = PBXFileReference; lastKnownFileType = text.plist.strings; name = it; path = it.lproj/TOCropViewControllerLocalizable.strings; sourceTree = "<group>"; };
		7E8213C22111251500E06F63 /* ms */ = {isa = PBXFileReference; lastKnownFileType = text.plist.strings; name = ms; path = ms.lproj/TOCropViewControllerLocalizable.strings; sourceTree = "<group>"; };
		7E8213C32111251500E06F63 /* ko */ = {isa = PBXFileReference; lastKnownFileType = text.plist.strings; name = ko; path = ko.lproj/TOCropViewControllerLocalizable.strings; sourceTree = "<group>"; };
		7E8213C42111251500E06F63 /* Base */ = {isa = PBXFileReference; lastKnownFileType = text.plist.strings; name = Base; path = Base.lproj/TOCropViewControllerLocalizable.strings; sourceTree = "<group>"; };
		7E8213C52111251500E06F63 /* zh-Hant */ = {isa = PBXFileReference; lastKnownFileType = text.plist.strings; name = "zh-Hant"; path = "zh-Hant.lproj/TOCropViewControllerLocalizable.strings"; sourceTree = "<group>"; };
		7E8213C62111251500E06F63 /* da-DK */ = {isa = PBXFileReference; lastKnownFileType = text.plist.strings; name = "da-DK"; path = "da-DK.lproj/TOCropViewControllerLocalizable.strings"; sourceTree = "<group>"; };
		7E8213C72111251500E06F63 /* tr */ = {isa = PBXFileReference; lastKnownFileType = text.plist.strings; name = tr; path = tr.lproj/TOCropViewControllerLocalizable.strings; sourceTree = "<group>"; };
		7E8213C82111251500E06F63 /* pl */ = {isa = PBXFileReference; lastKnownFileType = text.plist.strings; name = pl; path = pl.lproj/TOCropViewControllerLocalizable.strings; sourceTree = "<group>"; };
		7E8213C92111251500E06F63 /* vi */ = {isa = PBXFileReference; lastKnownFileType = text.plist.strings; name = vi; path = vi.lproj/TOCropViewControllerLocalizable.strings; sourceTree = "<group>"; };
		7E8213CA2111251500E06F63 /* ru */ = {isa = PBXFileReference; lastKnownFileType = text.plist.strings; name = ru; path = ru.lproj/TOCropViewControllerLocalizable.strings; sourceTree = "<group>"; };
		7E8213CB2111251500E06F63 /* fr */ = {isa = PBXFileReference; lastKnownFileType = text.plist.strings; name = fr; path = fr.lproj/TOCropViewControllerLocalizable.strings; sourceTree = "<group>"; };
		7E8213CC2111251500E06F63 /* id */ = {isa = PBXFileReference; lastKnownFileType = text.plist.strings; name = id; path = id.lproj/TOCropViewControllerLocalizable.strings; sourceTree = "<group>"; };
		7E8213CD2111251500E06F63 /* nl */ = {isa = PBXFileReference; lastKnownFileType = text.plist.strings; name = nl; path = nl.lproj/TOCropViewControllerLocalizable.strings; sourceTree = "<group>"; };
		7E8213CE2111251500E06F63 /* pt */ = {isa = PBXFileReference; lastKnownFileType = text.plist.strings; name = pt; path = pt.lproj/TOCropViewControllerLocalizable.strings; sourceTree = "<group>"; };
		7E8213D02111251500E06F63 /* TOActivityCroppedImageProvider.m */ = {isa = PBXFileReference; fileEncoding = 4; lastKnownFileType = sourcecode.c.objc; path = TOActivityCroppedImageProvider.m; sourceTree = "<group>"; };
		7E8213D12111251500E06F63 /* TOCropViewControllerTransitioning.m */ = {isa = PBXFileReference; fileEncoding = 4; lastKnownFileType = sourcecode.c.objc; path = TOCropViewControllerTransitioning.m; sourceTree = "<group>"; };
		7E8213D22111251500E06F63 /* TOCroppedImageAttributes.m */ = {isa = PBXFileReference; fileEncoding = 4; lastKnownFileType = sourcecode.c.objc; path = TOCroppedImageAttributes.m; sourceTree = "<group>"; };
		7E8213D32111251500E06F63 /* TOActivityCroppedImageProvider.h */ = {isa = PBXFileReference; fileEncoding = 4; lastKnownFileType = sourcecode.c.h; path = TOActivityCroppedImageProvider.h; sourceTree = "<group>"; };
		7E8213D42111251500E06F63 /* TOCropViewControllerTransitioning.h */ = {isa = PBXFileReference; fileEncoding = 4; lastKnownFileType = sourcecode.c.h; path = TOCropViewControllerTransitioning.h; sourceTree = "<group>"; };
		7E8213D52111251500E06F63 /* TOCroppedImageAttributes.h */ = {isa = PBXFileReference; fileEncoding = 4; lastKnownFileType = sourcecode.c.h; path = TOCroppedImageAttributes.h; sourceTree = "<group>"; };
		7E8213D62111251500E06F63 /* TOCropViewController.m */ = {isa = PBXFileReference; fileEncoding = 4; lastKnownFileType = sourcecode.c.objc; path = TOCropViewController.m; sourceTree = "<group>"; };
		7E8213D82111251500E06F63 /* Info.plist */ = {isa = PBXFileReference; fileEncoding = 4; lastKnownFileType = text.plist.xml; path = Info.plist; sourceTree = "<group>"; };
		7E8213DA2111251500E06F63 /* TOCropView.h */ = {isa = PBXFileReference; fileEncoding = 4; lastKnownFileType = sourcecode.c.h; path = TOCropView.h; sourceTree = "<group>"; };
		7E8213DB2111251500E06F63 /* TOCropOverlayView.h */ = {isa = PBXFileReference; fileEncoding = 4; lastKnownFileType = sourcecode.c.h; path = TOCropOverlayView.h; sourceTree = "<group>"; };
		7E8213DC2111251500E06F63 /* TOCropToolbar.h */ = {isa = PBXFileReference; fileEncoding = 4; lastKnownFileType = sourcecode.c.h; path = TOCropToolbar.h; sourceTree = "<group>"; };
		7E8213DD2111251500E06F63 /* TOCropScrollView.m */ = {isa = PBXFileReference; fileEncoding = 4; lastKnownFileType = sourcecode.c.objc; path = TOCropScrollView.m; sourceTree = "<group>"; };
		7E8213DE2111251500E06F63 /* TOCropView.m */ = {isa = PBXFileReference; fileEncoding = 4; lastKnownFileType = sourcecode.c.objc; path = TOCropView.m; sourceTree = "<group>"; };
		7E8213DF2111251500E06F63 /* TOCropOverlayView.m */ = {isa = PBXFileReference; fileEncoding = 4; lastKnownFileType = sourcecode.c.objc; path = TOCropOverlayView.m; sourceTree = "<group>"; };
		7E8213E02111251500E06F63 /* TOCropToolbar.m */ = {isa = PBXFileReference; fileEncoding = 4; lastKnownFileType = sourcecode.c.objc; path = TOCropToolbar.m; sourceTree = "<group>"; };
		7E8213E12111251500E06F63 /* TOCropScrollView.h */ = {isa = PBXFileReference; fileEncoding = 4; lastKnownFileType = sourcecode.c.h; path = TOCropScrollView.h; sourceTree = "<group>"; };
		7E8213E32111251500E06F63 /* UIImage+CropRotate.m */ = {isa = PBXFileReference; fileEncoding = 4; lastKnownFileType = sourcecode.c.objc; path = "UIImage+CropRotate.m"; sourceTree = "<group>"; };
		7E8213E42111251500E06F63 /* UIImage+CropRotate.h */ = {isa = PBXFileReference; fileEncoding = 4; lastKnownFileType = sourcecode.c.h; path = "UIImage+CropRotate.h"; sourceTree = "<group>"; };
		7E8213E52111251500E06F63 /* TOCropViewController.h */ = {isa = PBXFileReference; fileEncoding = 4; lastKnownFileType = sourcecode.c.h; path = TOCropViewController.h; sourceTree = "<group>"; };
		7E8213E72111251500E06F63 /* CropViewController.h */ = {isa = PBXFileReference; fileEncoding = 4; lastKnownFileType = sourcecode.c.h; path = CropViewController.h; sourceTree = "<group>"; };
		7E8213E82111251500E06F63 /* CropViewController.swift */ = {isa = PBXFileReference; fileEncoding = 4; lastKnownFileType = sourcecode.swift; path = CropViewController.swift; sourceTree = "<group>"; };
		7E8213E92111251500E06F63 /* Info.plist */ = {isa = PBXFileReference; fileEncoding = 4; lastKnownFileType = text.plist.xml; path = Info.plist; sourceTree = "<group>"; };
		7E8213F72111252000E06F63 /* FlashStash-Bridging-Header.h */ = {isa = PBXFileReference; fileEncoding = 4; lastKnownFileType = sourcecode.c.h; path = "FlashStash-Bridging-Header.h"; sourceTree = "<group>"; };
		7E93D2DD2128E37400D8B3B4 /* StudyCardViewController.swift */ = {isa = PBXFileReference; lastKnownFileType = sourcecode.swift; path = StudyCardViewController.swift; sourceTree = "<group>"; };
		7E93D2E02128EDED00D8B3B4 /* OneSectionStudyCardContainerViewController.swift */ = {isa = PBXFileReference; lastKnownFileType = sourcecode.swift; path = OneSectionStudyCardContainerViewController.swift; sourceTree = "<group>"; };
		7E93D2E22128EE1700D8B3B4 /* TwoSectionStudyCardContainerViewController.swift */ = {isa = PBXFileReference; lastKnownFileType = sourcecode.swift; path = TwoSectionStudyCardContainerViewController.swift; sourceTree = "<group>"; };
		7E93D2E42128F47D00D8B3B4 /* StudyCardResultsViewController.swift */ = {isa = PBXFileReference; lastKnownFileType = sourcecode.swift; path = StudyCardResultsViewController.swift; sourceTree = "<group>"; };
		7EC95A6C211A8CFC004DED4C /* AutoCropCameraScanner.swift */ = {isa = PBXFileReference; lastKnownFileType = sourcecode.swift; path = AutoCropCameraScanner.swift; sourceTree = "<group>"; };
		7EC95A6F211A8EB3004DED4C /* AutoCropViewController.swift */ = {isa = PBXFileReference; lastKnownFileType = sourcecode.swift; path = AutoCropViewController.swift; sourceTree = "<group>"; };
		7EC95A71211A9186004DED4C /* PhotoPreviewViewController.swift */ = {isa = PBXFileReference; lastKnownFileType = sourcecode.swift; path = PhotoPreviewViewController.swift; sourceTree = "<group>"; };
		7EDF033D2107B9FF00DFEEE3 /* FlashStash.app */ = {isa = PBXFileReference; explicitFileType = wrapper.application; includeInIndex = 0; path = FlashStash.app; sourceTree = BUILT_PRODUCTS_DIR; };
		7EDF03402107B9FF00DFEEE3 /* AppDelegate.swift */ = {isa = PBXFileReference; lastKnownFileType = sourcecode.swift; path = AppDelegate.swift; sourceTree = "<group>"; };
		7EDF03452107B9FF00DFEEE3 /* Base */ = {isa = PBXFileReference; lastKnownFileType = file.storyboard; name = Base; path = Base.lproj/Main.storyboard; sourceTree = "<group>"; };
		7EDF03482107B9FF00DFEEE3 /* FlashStash.xcdatamodel */ = {isa = PBXFileReference; lastKnownFileType = wrapper.xcdatamodel; path = FlashStash.xcdatamodel; sourceTree = "<group>"; };
		7EDF034A2107BA0100DFEEE3 /* Assets.xcassets */ = {isa = PBXFileReference; lastKnownFileType = folder.assetcatalog; path = Assets.xcassets; sourceTree = "<group>"; };
		7EDF034D2107BA0100DFEEE3 /* Base */ = {isa = PBXFileReference; lastKnownFileType = file.storyboard; name = Base; path = Base.lproj/LaunchScreen.storyboard; sourceTree = "<group>"; };
		7EDF034F2107BA0100DFEEE3 /* Info.plist */ = {isa = PBXFileReference; lastKnownFileType = text.plist.xml; path = Info.plist; sourceTree = "<group>"; };
		7EDF03542107BA0100DFEEE3 /* FlashStashUITests.xctest */ = {isa = PBXFileReference; explicitFileType = wrapper.cfbundle; includeInIndex = 0; path = FlashStashUITests.xctest; sourceTree = BUILT_PRODUCTS_DIR; };
		7EDF03582107BA0100DFEEE3 /* FlashStashUITests.swift */ = {isa = PBXFileReference; lastKnownFileType = sourcecode.swift; path = FlashStashUITests.swift; sourceTree = "<group>"; };
		7EDF035A2107BA0100DFEEE3 /* Info.plist */ = {isa = PBXFileReference; lastKnownFileType = text.plist.xml; path = Info.plist; sourceTree = "<group>"; };
		7EF008282107F53F00A93804 /* Card.swift */ = {isa = PBXFileReference; lastKnownFileType = sourcecode.swift; path = Card.swift; sourceTree = "<group>"; };
		7EF0082A2107F5B900A93804 /* Deck.swift */ = {isa = PBXFileReference; lastKnownFileType = sourcecode.swift; path = Deck.swift; sourceTree = "<group>"; };
		7EF0082C2107F5CF00A93804 /* Folder.swift */ = {isa = PBXFileReference; lastKnownFileType = sourcecode.swift; path = Folder.swift; sourceTree = "<group>"; };
		7EF0082E2108DD5600A93804 /* CoreDataStack.swift */ = {isa = PBXFileReference; lastKnownFileType = sourcecode.swift; path = CoreDataStack.swift; sourceTree = "<group>"; };
		7EF008302108DDB500A93804 /* TestFile.swift */ = {isa = PBXFileReference; lastKnownFileType = sourcecode.swift; path = TestFile.swift; sourceTree = "<group>"; };
		7EF008322108EF1C00A93804 /* FolderController.swift */ = {isa = PBXFileReference; lastKnownFileType = sourcecode.swift; path = FolderController.swift; sourceTree = "<group>"; };
		7EF008342108F21F00A93804 /* DeckController.swift */ = {isa = PBXFileReference; lastKnownFileType = sourcecode.swift; path = DeckController.swift; sourceTree = "<group>"; };
		7EF78AEE2112BC0B00E62C31 /* OneSectionShowContainerViewController.swift */ = {isa = PBXFileReference; lastKnownFileType = sourcecode.swift; path = OneSectionShowContainerViewController.swift; sourceTree = "<group>"; };
		7EF78AF02112BC3200E62C31 /* TwoSectionsContainerViewController.swift */ = {isa = PBXFileReference; lastKnownFileType = sourcecode.swift; path = TwoSectionsContainerViewController.swift; sourceTree = "<group>"; };
		7EF78AF221139BF100E62C31 /* Notification.swift */ = {isa = PBXFileReference; lastKnownFileType = sourcecode.swift; path = Notification.swift; sourceTree = "<group>"; };
		A7EA2E2B82AC53A048413762 /* Pods-FlashStashUITests.debug.xcconfig */ = {isa = PBXFileReference; includeInIndex = 1; lastKnownFileType = text.xcconfig; name = "Pods-FlashStashUITests.debug.xcconfig"; path = "Pods/Target Support Files/Pods-FlashStashUITests/Pods-FlashStashUITests.debug.xcconfig"; sourceTree = "<group>"; };
		A91E3D2BF70D148018530D61 /* Pods-FlashStash.debug.xcconfig */ = {isa = PBXFileReference; includeInIndex = 1; lastKnownFileType = text.xcconfig; name = "Pods-FlashStash.debug.xcconfig"; path = "Pods/Target Support Files/Pods-FlashStash/Pods-FlashStash.debug.xcconfig"; sourceTree = "<group>"; };
		CD692BF82698897E370846C5 /* Pods_FlashStash.framework */ = {isa = PBXFileReference; explicitFileType = wrapper.framework; includeInIndex = 0; path = Pods_FlashStash.framework; sourceTree = BUILT_PRODUCTS_DIR; };
		DB0F027FA48B839BDC2D91A6 /* Pods_FlashStashUITests.framework */ = {isa = PBXFileReference; explicitFileType = wrapper.framework; includeInIndex = 0; path = Pods_FlashStashUITests.framework; sourceTree = BUILT_PRODUCTS_DIR; };
/* End PBXFileReference section */

/* Begin PBXFrameworksBuildPhase section */
		7EDF033A2107B9FF00DFEEE3 /* Frameworks */ = {
			isa = PBXFrameworksBuildPhase;
			buildActionMask = 2147483647;
			files = (
				7279FB8F7B4EEFDFFC8FDC2A /* Pods_FlashStash.framework in Frameworks */,
			);
			runOnlyForDeploymentPostprocessing = 0;
		};
		7EDF03512107BA0100DFEEE3 /* Frameworks */ = {
			isa = PBXFrameworksBuildPhase;
			buildActionMask = 2147483647;
			files = (
				A39A2C26ABF13E3CBBF4315D /* Pods_FlashStashUITests.framework in Frameworks */,
			);
			runOnlyForDeploymentPostprocessing = 0;
		};
/* End PBXFrameworksBuildPhase section */

/* Begin PBXGroup section */
		7E23DF622112793A00ECB907 /* Extensions */ = {
			isa = PBXGroup;
			children = (
				7E23DF602112787F00ECB907 /* TextView+CenterText.swift */,
				7EF78AF221139BF100E62C31 /* Notification.swift */,
			);
			path = Extensions;
			sourceTree = "<group>";
		};
		7E4568BA21113AD500F3B1C6 /* ManualCropVCs */ = {
			isa = PBXGroup;
			children = (
				7E8213E62111251500E06F63 /* CropViewController */,
				7E8213B62111251500E06F63 /* TOCropViewController */,
			);
			path = ManualCropVCs;
			sourceTree = "<group>";
		};
		7E5B7CD9210D66D600D515A8 /* Fonts */ = {
			isa = PBXGroup;
			children = (
				7E5B7D06210FA1E000D515A8 /* TragicMarker.otf */,
				7E5B7CDD210D674300D515A8 /* OpenSans-Bold.ttf */,
				7E5B7CF5210D69EC00D515A8 /* OpenSans-BoldItalic.ttf */,
				7E5B7CF4210D69EC00D515A8 /* OpenSans-ExtraBold.ttf */,
				7E5B7CF1210D69EC00D515A8 /* OpenSans-ExtraBoldItalic.ttf */,
				7E5B7CF3210D69EC00D515A8 /* OpenSans-Italic.ttf */,
				7E5B7CF6210D69EC00D515A8 /* OpenSans-Light.ttf */,
				7E5B7CF0210D69EB00D515A8 /* OpenSans-LightItalic.ttf */,
				7E5B7CEE210D69EB00D515A8 /* OpenSans-Regular.ttf */,
				7E5B7CEF210D69EB00D515A8 /* OpenSans-Semibold.ttf */,
				7E5B7CF2210D69EC00D515A8 /* OpenSans-SemiboldItalic.ttf */,
			);
			path = Fonts;
			sourceTree = "<group>";
		};
		7E8213B62111251500E06F63 /* TOCropViewController */ = {
			isa = PBXGroup;
			children = (
				7E8213B72111251500E06F63 /* Constants */,
				7E8213B92111251500E06F63 /* Resources */,
				7E8213CF2111251500E06F63 /* Models */,
				7E8213D62111251500E06F63 /* TOCropViewController.m */,
				7E8213D72111251500E06F63 /* Supporting */,
				7E8213D92111251500E06F63 /* Views */,
				7E8213E22111251500E06F63 /* Categories */,
				7E8213E52111251500E06F63 /* TOCropViewController.h */,
			);
			path = TOCropViewController;
			sourceTree = "<group>";
		};
		7E8213B72111251500E06F63 /* Constants */ = {
			isa = PBXGroup;
			children = (
				7E8213B82111251500E06F63 /* TOCropViewConstants.h */,
			);
			path = Constants;
			sourceTree = "<group>";
		};
		7E8213B92111251500E06F63 /* Resources */ = {
			isa = PBXGroup;
			children = (
				7E8213BA2111251500E06F63 /* TOCropViewControllerLocalizable.strings */,
			);
			path = Resources;
			sourceTree = "<group>";
		};
		7E8213CF2111251500E06F63 /* Models */ = {
			isa = PBXGroup;
			children = (
				7E8213D02111251500E06F63 /* TOActivityCroppedImageProvider.m */,
				7E8213D12111251500E06F63 /* TOCropViewControllerTransitioning.m */,
				7E8213D22111251500E06F63 /* TOCroppedImageAttributes.m */,
				7E8213D32111251500E06F63 /* TOActivityCroppedImageProvider.h */,
				7E8213D42111251500E06F63 /* TOCropViewControllerTransitioning.h */,
				7E8213D52111251500E06F63 /* TOCroppedImageAttributes.h */,
			);
			path = Models;
			sourceTree = "<group>";
		};
		7E8213D72111251500E06F63 /* Supporting */ = {
			isa = PBXGroup;
			children = (
				7E8213D82111251500E06F63 /* Info.plist */,
			);
			path = Supporting;
			sourceTree = "<group>";
		};
		7E8213D92111251500E06F63 /* Views */ = {
			isa = PBXGroup;
			children = (
				7E8213DA2111251500E06F63 /* TOCropView.h */,
				7E8213DB2111251500E06F63 /* TOCropOverlayView.h */,
				7E8213DC2111251500E06F63 /* TOCropToolbar.h */,
				7E8213DD2111251500E06F63 /* TOCropScrollView.m */,
				7E8213DE2111251500E06F63 /* TOCropView.m */,
				7E8213DF2111251500E06F63 /* TOCropOverlayView.m */,
				7E8213E02111251500E06F63 /* TOCropToolbar.m */,
				7E8213E12111251500E06F63 /* TOCropScrollView.h */,
			);
			path = Views;
			sourceTree = "<group>";
		};
		7E8213E22111251500E06F63 /* Categories */ = {
			isa = PBXGroup;
			children = (
				7E8213E32111251500E06F63 /* UIImage+CropRotate.m */,
				7E8213E42111251500E06F63 /* UIImage+CropRotate.h */,
			);
			path = Categories;
			sourceTree = "<group>";
		};
		7E8213E62111251500E06F63 /* CropViewController */ = {
			isa = PBXGroup;
			children = (
				7E8213E72111251500E06F63 /* CropViewController.h */,
				7E8213E82111251500E06F63 /* CropViewController.swift */,
				7E8213E92111251500E06F63 /* Info.plist */,
			);
			path = CropViewController;
			sourceTree = "<group>";
		};
		7E93D2DF2128ED7200D8B3B4 /* StudyCardVC */ = {
			isa = PBXGroup;
			children = (
				7E93D2DD2128E37400D8B3B4 /* StudyCardViewController.swift */,
				7E93D2E02128EDED00D8B3B4 /* OneSectionStudyCardContainerViewController.swift */,
				7E93D2E22128EE1700D8B3B4 /* TwoSectionStudyCardContainerViewController.swift */,
				7E93D2E42128F47D00D8B3B4 /* StudyCardResultsViewController.swift */,
			);
			path = StudyCardVC;
			sourceTree = "<group>";
		};
		7EC95A6E211A8E77004DED4C /* AutoCropVCs */ = {
			isa = PBXGroup;
			children = (
				7EC95A6F211A8EB3004DED4C /* AutoCropViewController.swift */,
				7EC95A71211A9186004DED4C /* PhotoPreviewViewController.swift */,
			);
			path = AutoCropVCs;
			sourceTree = "<group>";
		};
		7EDF03342107B9FE00DFEEE3 = {
			isa = PBXGroup;
			children = (
				7EDF033F2107B9FF00DFEEE3 /* FlashStash */,
				7EDF03572107BA0100DFEEE3 /* FlashStashUITests */,
				7EDF033E2107B9FF00DFEEE3 /* Products */,
				E5750F3C7BF47A8D4C6B1211 /* Pods */,
				ADBE240C834D48B41B0F0E5A /* Frameworks */,
			);
			sourceTree = "<group>";
		};
		7EDF033E2107B9FF00DFEEE3 /* Products */ = {
			isa = PBXGroup;
			children = (
				7EDF033D2107B9FF00DFEEE3 /* FlashStash.app */,
				7EDF03542107BA0100DFEEE3 /* FlashStashUITests.xctest */,
			);
			name = Products;
			sourceTree = "<group>";
		};
		7EDF033F2107B9FF00DFEEE3 /* FlashStash */ = {
			isa = PBXGroup;
			children = (
				7E8213F72111252000E06F63 /* FlashStash-Bridging-Header.h */,
				7EDF03682107BB3300DFEEE3 /* Models */,
				7EDF03662107BACF00DFEEE3 /* Model Controllers */,
				7EDF03652107BACA00DFEEE3 /* View Controllers */,
				7EDF03642107BAC500DFEEE3 /* Views */,
				7EDF03632107BAC000DFEEE3 /* Storyboards */,
				7EDF03672107BAEF00DFEEE3 /* Resources */,
			);
			path = FlashStash;
			sourceTree = "<group>";
		};
		7EDF03572107BA0100DFEEE3 /* FlashStashUITests */ = {
			isa = PBXGroup;
			children = (
				7EDF03582107BA0100DFEEE3 /* FlashStashUITests.swift */,
				7EDF035A2107BA0100DFEEE3 /* Info.plist */,
			);
			path = FlashStashUITests;
			sourceTree = "<group>";
		};
		7EDF03632107BAC000DFEEE3 /* Storyboards */ = {
			isa = PBXGroup;
			children = (
				7EDF03442107B9FF00DFEEE3 /* Main.storyboard */,
				7EDF034C2107BA0100DFEEE3 /* LaunchScreen.storyboard */,
			);
			path = Storyboards;
			sourceTree = "<group>";
		};
		7EDF03642107BAC500DFEEE3 /* Views */ = {
			isa = PBXGroup;
			children = (
				7E0A31AD210BD0870013DCDE /* FolderCollectionViewCell.swift */,
				7E5B7D00210D6EE800D515A8 /* DeckTableViewCell.swift */,
				7E4568BD21113C9200F3B1C6 /* CardListCollectionViewCell.swift */,
				7EC95A6C211A8CFC004DED4C /* AutoCropCameraScanner.swift */,
			);
			path = Views;
			sourceTree = "<group>";
		};
		7EDF03652107BACA00DFEEE3 /* View Controllers */ = {
			isa = PBXGroup;
			children = (
				7EC95A6E211A8E77004DED4C /* AutoCropVCs */,
				7E4568BA21113AD500F3B1C6 /* ManualCropVCs */,
				7EF78AED2112BBD600E62C31 /* CreateCardVCs */,
				7E93D2DF2128ED7200D8B3B4 /* StudyCardVC */,
				7E0A31B5210BD0FA0013DCDE /* HomeViewController.swift */,
				7E5B7D02210D703200D515A8 /* DeckListTableViewController.swift */,
				7E5B7D04210EA17200D515A8 /* AddDeckViewController.swift */,
				7E4568BB21113B0D00F3B1C6 /* CardListViewController.swift */,
			);
			path = "View Controllers";
			sourceTree = "<group>";
		};
		7EDF03662107BACF00DFEEE3 /* Model Controllers */ = {
			isa = PBXGroup;
			children = (
				7EF008302108DDB500A93804 /* TestFile.swift */,
				7EF008322108EF1C00A93804 /* FolderController.swift */,
				7EF008342108F21F00A93804 /* DeckController.swift */,
				7E31E1F721090A740073190B /* CardController.swift */,
				7E30069E211BB18B00FD2121 /* TempCardController.swift */,
			);
			path = "Model Controllers";
			sourceTree = "<group>";
		};
		7EDF03672107BAEF00DFEEE3 /* Resources */ = {
			isa = PBXGroup;
			children = (
				7E23DF622112793A00ECB907 /* Extensions */,
				7E5B7CD9210D66D600D515A8 /* Fonts */,
				7EDF03402107B9FF00DFEEE3 /* AppDelegate.swift */,
				7EDF034A2107BA0100DFEEE3 /* Assets.xcassets */,
				7EDF034F2107BA0100DFEEE3 /* Info.plist */,
			);
			path = Resources;
			sourceTree = "<group>";
		};
		7EDF03682107BB3300DFEEE3 /* Models */ = {
			isa = PBXGroup;
			children = (
				7EDF03472107B9FF00DFEEE3 /* FlashStash.xcdatamodeld */,
				7EF008282107F53F00A93804 /* Card.swift */,
				7EF0082A2107F5B900A93804 /* Deck.swift */,
				7EF0082C2107F5CF00A93804 /* Folder.swift */,
				7EF0082E2108DD5600A93804 /* CoreDataStack.swift */,
				7E30069C211B966800FD2121 /* TempCard.swift */,
			);
			path = Models;
			sourceTree = "<group>";
		};
		7EF78AED2112BBD600E62C31 /* CreateCardVCs */ = {
			isa = PBXGroup;
			children = (
				7E23DF5E211225E400ECB907 /* CreateCardViewController.swift */,
				7EF78AEE2112BC0B00E62C31 /* OneSectionShowContainerViewController.swift */,
				7EF78AF02112BC3200E62C31 /* TwoSectionsContainerViewController.swift */,
			);
			path = CreateCardVCs;
			sourceTree = "<group>";
		};
		ADBE240C834D48B41B0F0E5A /* Frameworks */ = {
			isa = PBXGroup;
			children = (
				CD692BF82698897E370846C5 /* Pods_FlashStash.framework */,
				DB0F027FA48B839BDC2D91A6 /* Pods_FlashStashUITests.framework */,
			);
			name = Frameworks;
			sourceTree = "<group>";
		};
		E5750F3C7BF47A8D4C6B1211 /* Pods */ = {
			isa = PBXGroup;
			children = (
				A91E3D2BF70D148018530D61 /* Pods-FlashStash.debug.xcconfig */,
				5A7BB8573939098AD5EE4EFB /* Pods-FlashStash.release.xcconfig */,
				A7EA2E2B82AC53A048413762 /* Pods-FlashStashUITests.debug.xcconfig */,
				3B613EF2651E3A27DE7ABE28 /* Pods-FlashStashUITests.release.xcconfig */,
			);
			name = Pods;
			sourceTree = "<group>";
		};
/* End PBXGroup section */

/* Begin PBXNativeTarget section */
		7EDF033C2107B9FF00DFEEE3 /* FlashStash */ = {
			isa = PBXNativeTarget;
			buildConfigurationList = 7EDF035D2107BA0100DFEEE3 /* Build configuration list for PBXNativeTarget "FlashStash" */;
			buildPhases = (
				92667816F842FEB6280B6B9D /* [CP] Check Pods Manifest.lock */,
				7EDF03392107B9FF00DFEEE3 /* Sources */,
				7EDF033A2107B9FF00DFEEE3 /* Frameworks */,
				7EDF033B2107B9FF00DFEEE3 /* Resources */,
				1BB7F2AC07AFF81C62CCDA61 /* [CP] Embed Pods Frameworks */,
			);
			buildRules = (
			);
			dependencies = (
			);
			name = FlashStash;
			productName = FlashStash;
			productReference = 7EDF033D2107B9FF00DFEEE3 /* FlashStash.app */;
			productType = "com.apple.product-type.application";
		};
		7EDF03532107BA0100DFEEE3 /* FlashStashUITests */ = {
			isa = PBXNativeTarget;
			buildConfigurationList = 7EDF03602107BA0100DFEEE3 /* Build configuration list for PBXNativeTarget "FlashStashUITests" */;
			buildPhases = (
				3AEB84B237A6E8883DBABB92 /* [CP] Check Pods Manifest.lock */,
				7EDF03502107BA0100DFEEE3 /* Sources */,
				7EDF03512107BA0100DFEEE3 /* Frameworks */,
				7EDF03522107BA0100DFEEE3 /* Resources */,
			);
			buildRules = (
			);
			dependencies = (
				7EDF03562107BA0100DFEEE3 /* PBXTargetDependency */,
			);
			name = FlashStashUITests;
			productName = FlashStashUITests;
			productReference = 7EDF03542107BA0100DFEEE3 /* FlashStashUITests.xctest */;
			productType = "com.apple.product-type.bundle.ui-testing";
		};
/* End PBXNativeTarget section */

/* Begin PBXProject section */
		7EDF03352107B9FE00DFEEE3 /* Project object */ = {
			isa = PBXProject;
			attributes = {
				LastSwiftUpdateCheck = 0940;
				LastUpgradeCheck = 0940;
				ORGANIZATIONNAME = "Adam Moskovich";
				TargetAttributes = {
					7EDF033C2107B9FF00DFEEE3 = {
						CreatedOnToolsVersion = 9.4.1;
					};
					7EDF03532107BA0100DFEEE3 = {
						CreatedOnToolsVersion = 9.4.1;
						TestTargetID = 7EDF033C2107B9FF00DFEEE3;
					};
				};
			};
			buildConfigurationList = 7EDF03382107B9FE00DFEEE3 /* Build configuration list for PBXProject "FlashStash" */;
			compatibilityVersion = "Xcode 9.3";
			developmentRegion = en;
			hasScannedForEncodings = 0;
			knownRegions = (
				en,
				Base,
				de,
				ar,
				"zh-Hans",
				ja,
				es,
				it,
				ms,
				ko,
				"zh-Hant",
				"da-DK",
				tr,
				pl,
				vi,
				ru,
				fr,
				id,
				nl,
				pt,
			);
			mainGroup = 7EDF03342107B9FE00DFEEE3;
			productRefGroup = 7EDF033E2107B9FF00DFEEE3 /* Products */;
			projectDirPath = "";
			projectRoot = "";
			targets = (
				7EDF033C2107B9FF00DFEEE3 /* FlashStash */,
				7EDF03532107BA0100DFEEE3 /* FlashStashUITests */,
			);
		};
/* End PBXProject section */

/* Begin PBXResourcesBuildPhase section */
		7EDF033B2107B9FF00DFEEE3 /* Resources */ = {
			isa = PBXResourcesBuildPhase;
			buildActionMask = 2147483647;
			files = (
				7E8213EF2111251500E06F63 /* Info.plist in Resources */,
				7E5B7CFF210D69EC00D515A8 /* OpenSans-Light.ttf in Resources */,
				7E5B7CF8210D69EC00D515A8 /* OpenSans-Semibold.ttf in Resources */,
				7E5B7CFD210D69EC00D515A8 /* OpenSans-ExtraBold.ttf in Resources */,
				7E5B7D07210FA1E100D515A8 /* TragicMarker.otf in Resources */,
				7E5B7CFB210D69EC00D515A8 /* OpenSans-SemiboldItalic.ttf in Resources */,
				7E5B7CF7210D69EC00D515A8 /* OpenSans-Regular.ttf in Resources */,
				7E5B7CFC210D69EC00D515A8 /* OpenSans-Italic.ttf in Resources */,
				7E5B7CF9210D69EC00D515A8 /* OpenSans-LightItalic.ttf in Resources */,
				7E5B7CFE210D69EC00D515A8 /* OpenSans-BoldItalic.ttf in Resources */,
				7E8213F62111251500E06F63 /* Info.plist in Resources */,
				7E8213EA2111251500E06F63 /* TOCropViewControllerLocalizable.strings in Resources */,
				7EDF034E2107BA0100DFEEE3 /* LaunchScreen.storyboard in Resources */,
				7EDF034B2107BA0100DFEEE3 /* Assets.xcassets in Resources */,
				7E5B7CE4210D674E00D515A8 /* OpenSans-Bold.ttf in Resources */,
				7EDF03462107B9FF00DFEEE3 /* Main.storyboard in Resources */,
				7E5B7CFA210D69EC00D515A8 /* OpenSans-ExtraBoldItalic.ttf in Resources */,
			);
			runOnlyForDeploymentPostprocessing = 0;
		};
		7EDF03522107BA0100DFEEE3 /* Resources */ = {
			isa = PBXResourcesBuildPhase;
			buildActionMask = 2147483647;
			files = (
			);
			runOnlyForDeploymentPostprocessing = 0;
		};
/* End PBXResourcesBuildPhase section */

/* Begin PBXShellScriptBuildPhase section */
		1BB7F2AC07AFF81C62CCDA61 /* [CP] Embed Pods Frameworks */ = {
			isa = PBXShellScriptBuildPhase;
			buildActionMask = 2147483647;
			files = (
			);
			inputPaths = (
				"${SRCROOT}/Pods/Target Support Files/Pods-FlashStash/Pods-FlashStash-frameworks.sh",
				"${BUILT_PRODUCTS_DIR}/IQKeyboardManagerSwift/IQKeyboardManagerSwift.framework",
			);
			name = "[CP] Embed Pods Frameworks";
			outputPaths = (
				"${TARGET_BUILD_DIR}/${FRAMEWORKS_FOLDER_PATH}/IQKeyboardManagerSwift.framework",
			);
			runOnlyForDeploymentPostprocessing = 0;
			shellPath = /bin/sh;
			shellScript = "\"${SRCROOT}/Pods/Target Support Files/Pods-FlashStash/Pods-FlashStash-frameworks.sh\"\n";
			showEnvVarsInLog = 0;
		};
		3AEB84B237A6E8883DBABB92 /* [CP] Check Pods Manifest.lock */ = {
			isa = PBXShellScriptBuildPhase;
			buildActionMask = 2147483647;
			files = (
			);
			inputPaths = (
				"${PODS_PODFILE_DIR_PATH}/Podfile.lock",
				"${PODS_ROOT}/Manifest.lock",
			);
			name = "[CP] Check Pods Manifest.lock";
			outputPaths = (
				"$(DERIVED_FILE_DIR)/Pods-FlashStashUITests-checkManifestLockResult.txt",
			);
			runOnlyForDeploymentPostprocessing = 0;
			shellPath = /bin/sh;
			shellScript = "diff \"${PODS_PODFILE_DIR_PATH}/Podfile.lock\" \"${PODS_ROOT}/Manifest.lock\" > /dev/null\nif [ $? != 0 ] ; then\n    # print error to STDERR\n    echo \"error: The sandbox is not in sync with the Podfile.lock. Run 'pod install' or update your CocoaPods installation.\" >&2\n    exit 1\nfi\n# This output is used by Xcode 'outputs' to avoid re-running this script phase.\necho \"SUCCESS\" > \"${SCRIPT_OUTPUT_FILE_0}\"\n";
			showEnvVarsInLog = 0;
		};
		92667816F842FEB6280B6B9D /* [CP] Check Pods Manifest.lock */ = {
			isa = PBXShellScriptBuildPhase;
			buildActionMask = 2147483647;
			files = (
			);
			inputPaths = (
				"${PODS_PODFILE_DIR_PATH}/Podfile.lock",
				"${PODS_ROOT}/Manifest.lock",
			);
			name = "[CP] Check Pods Manifest.lock";
			outputPaths = (
				"$(DERIVED_FILE_DIR)/Pods-FlashStash-checkManifestLockResult.txt",
			);
			runOnlyForDeploymentPostprocessing = 0;
			shellPath = /bin/sh;
			shellScript = "diff \"${PODS_PODFILE_DIR_PATH}/Podfile.lock\" \"${PODS_ROOT}/Manifest.lock\" > /dev/null\nif [ $? != 0 ] ; then\n    # print error to STDERR\n    echo \"error: The sandbox is not in sync with the Podfile.lock. Run 'pod install' or update your CocoaPods installation.\" >&2\n    exit 1\nfi\n# This output is used by Xcode 'outputs' to avoid re-running this script phase.\necho \"SUCCESS\" > \"${SCRIPT_OUTPUT_FILE_0}\"\n";
			showEnvVarsInLog = 0;
		};
/* End PBXShellScriptBuildPhase section */

/* Begin PBXSourcesBuildPhase section */
		7EDF03392107B9FF00DFEEE3 /* Sources */ = {
			isa = PBXSourcesBuildPhase;
			buildActionMask = 2147483647;
			files = (
				7EF008352108F21F00A93804 /* DeckController.swift in Sources */,
				7E5B7D05210EA17200D515A8 /* AddDeckViewController.swift in Sources */,
				7E93D2E52128F47D00D8B3B4 /* StudyCardResultsViewController.swift in Sources */,
				7E23DF5F211225E400ECB907 /* CreateCardViewController.swift in Sources */,
				7EF0082B2107F5B900A93804 /* Deck.swift in Sources */,
				7E8213F32111251500E06F63 /* TOCropToolbar.m in Sources */,
				7E8213F12111251500E06F63 /* TOCropView.m in Sources */,
				7E23DF612112787F00ECB907 /* TextView+CenterText.swift in Sources */,
				7EC95A70211A8EB3004DED4C /* AutoCropViewController.swift in Sources */,
				7EF78AF12112BC3200E62C31 /* TwoSectionsContainerViewController.swift in Sources */,
				7EF78AF321139BF100E62C31 /* Notification.swift in Sources */,
				7E8213ED2111251500E06F63 /* TOCroppedImageAttributes.m in Sources */,
				7E8213F52111251500E06F63 /* CropViewController.swift in Sources */,
				7E8213F42111251500E06F63 /* UIImage+CropRotate.m in Sources */,
				7EF0082D2107F5CF00A93804 /* Folder.swift in Sources */,
				7E5B7D01210D6EE800D515A8 /* DeckTableViewCell.swift in Sources */,
				7E30069F211BB18B00FD2121 /* TempCardController.swift in Sources */,
				7EDF03492107B9FF00DFEEE3 /* FlashStash.xcdatamodeld in Sources */,
				7EF008312108DDB500A93804 /* TestFile.swift in Sources */,
				7E0A31B6210BD0FA0013DCDE /* HomeViewController.swift in Sources */,
				7E8213F22111251500E06F63 /* TOCropOverlayView.m in Sources */,
				7E8213EE2111251500E06F63 /* TOCropViewController.m in Sources */,
				7E31E1F821090A740073190B /* CardController.swift in Sources */,
				7E30069D211B966800FD2121 /* TempCard.swift in Sources */,
				7E93D2E32128EE1700D8B3B4 /* TwoSectionStudyCardContainerViewController.swift in Sources */,
				7EC95A72211A9186004DED4C /* PhotoPreviewViewController.swift in Sources */,
				7E4568BC21113B0D00F3B1C6 /* CardListViewController.swift in Sources */,
				7E5B7D03210D703200D515A8 /* DeckListTableViewController.swift in Sources */,
				7EF0082F2108DD5600A93804 /* CoreDataStack.swift in Sources */,
				7EC95A6D211A8CFC004DED4C /* AutoCropCameraScanner.swift in Sources */,
				7EF008292107F53F00A93804 /* Card.swift in Sources */,
				7E8213EB2111251500E06F63 /* TOActivityCroppedImageProvider.m in Sources */,
				7E93D2DE2128E37400D8B3B4 /* StudyCardViewController.swift in Sources */,
				7EDF03412107B9FF00DFEEE3 /* AppDelegate.swift in Sources */,
				7EF008332108EF1C00A93804 /* FolderController.swift in Sources */,
				7E0A31AE210BD0870013DCDE /* FolderCollectionViewCell.swift in Sources */,
				7EF78AEF2112BC0B00E62C31 /* OneSectionShowContainerViewController.swift in Sources */,
				7E4568BE21113C9200F3B1C6 /* CardListCollectionViewCell.swift in Sources */,
				7E93D2E12128EDED00D8B3B4 /* OneSectionStudyCardContainerViewController.swift in Sources */,
				7E8213F02111251500E06F63 /* TOCropScrollView.m in Sources */,
				7E8213EC2111251500E06F63 /* TOCropViewControllerTransitioning.m in Sources */,
			);
			runOnlyForDeploymentPostprocessing = 0;
		};
		7EDF03502107BA0100DFEEE3 /* Sources */ = {
			isa = PBXSourcesBuildPhase;
			buildActionMask = 2147483647;
			files = (
				7EDF03592107BA0100DFEEE3 /* FlashStashUITests.swift in Sources */,
			);
			runOnlyForDeploymentPostprocessing = 0;
		};
/* End PBXSourcesBuildPhase section */

/* Begin PBXTargetDependency section */
		7EDF03562107BA0100DFEEE3 /* PBXTargetDependency */ = {
			isa = PBXTargetDependency;
			target = 7EDF033C2107B9FF00DFEEE3 /* FlashStash */;
			targetProxy = 7EDF03552107BA0100DFEEE3 /* PBXContainerItemProxy */;
		};
/* End PBXTargetDependency section */

/* Begin PBXVariantGroup section */
		7E8213BA2111251500E06F63 /* TOCropViewControllerLocalizable.strings */ = {
			isa = PBXVariantGroup;
			children = (
				7E8213BB2111251500E06F63 /* de */,
				7E8213BC2111251500E06F63 /* ar */,
				7E8213BD2111251500E06F63 /* zh-Hans */,
				7E8213BE2111251500E06F63 /* ja */,
				7E8213BF2111251500E06F63 /* en */,
				7E8213C02111251500E06F63 /* es */,
				7E8213C12111251500E06F63 /* it */,
				7E8213C22111251500E06F63 /* ms */,
				7E8213C32111251500E06F63 /* ko */,
				7E8213C42111251500E06F63 /* Base */,
				7E8213C52111251500E06F63 /* zh-Hant */,
				7E8213C62111251500E06F63 /* da-DK */,
				7E8213C72111251500E06F63 /* tr */,
				7E8213C82111251500E06F63 /* pl */,
				7E8213C92111251500E06F63 /* vi */,
				7E8213CA2111251500E06F63 /* ru */,
				7E8213CB2111251500E06F63 /* fr */,
				7E8213CC2111251500E06F63 /* id */,
				7E8213CD2111251500E06F63 /* nl */,
				7E8213CE2111251500E06F63 /* pt */,
			);
			name = TOCropViewControllerLocalizable.strings;
			sourceTree = "<group>";
		};
		7EDF03442107B9FF00DFEEE3 /* Main.storyboard */ = {
			isa = PBXVariantGroup;
			children = (
				7EDF03452107B9FF00DFEEE3 /* Base */,
			);
			name = Main.storyboard;
			sourceTree = "<group>";
		};
		7EDF034C2107BA0100DFEEE3 /* LaunchScreen.storyboard */ = {
			isa = PBXVariantGroup;
			children = (
				7EDF034D2107BA0100DFEEE3 /* Base */,
			);
			name = LaunchScreen.storyboard;
			sourceTree = "<group>";
		};
/* End PBXVariantGroup section */

/* Begin XCBuildConfiguration section */
		7EDF035B2107BA0100DFEEE3 /* Debug */ = {
			isa = XCBuildConfiguration;
			buildSettings = {
				ALWAYS_SEARCH_USER_PATHS = NO;
				CLANG_ANALYZER_LOCALIZABILITY_NONLOCALIZED = YES;
				CLANG_ANALYZER_NONNULL = YES;
				CLANG_ANALYZER_NUMBER_OBJECT_CONVERSION = YES_AGGRESSIVE;
				CLANG_CXX_LANGUAGE_STANDARD = "gnu++14";
				CLANG_CXX_LIBRARY = "libc++";
				CLANG_ENABLE_MODULES = YES;
				CLANG_ENABLE_OBJC_ARC = YES;
				CLANG_ENABLE_OBJC_WEAK = YES;
				CLANG_WARN_BLOCK_CAPTURE_AUTORELEASING = YES;
				CLANG_WARN_BOOL_CONVERSION = YES;
				CLANG_WARN_COMMA = YES;
				CLANG_WARN_CONSTANT_CONVERSION = YES;
				CLANG_WARN_DEPRECATED_OBJC_IMPLEMENTATIONS = YES;
				CLANG_WARN_DIRECT_OBJC_ISA_USAGE = YES_ERROR;
				CLANG_WARN_DOCUMENTATION_COMMENTS = YES;
				CLANG_WARN_EMPTY_BODY = YES;
				CLANG_WARN_ENUM_CONVERSION = YES;
				CLANG_WARN_INFINITE_RECURSION = YES;
				CLANG_WARN_INT_CONVERSION = YES;
				CLANG_WARN_NON_LITERAL_NULL_CONVERSION = YES;
				CLANG_WARN_OBJC_IMPLICIT_RETAIN_SELF = YES;
				CLANG_WARN_OBJC_LITERAL_CONVERSION = YES;
				CLANG_WARN_OBJC_ROOT_CLASS = YES_ERROR;
				CLANG_WARN_RANGE_LOOP_ANALYSIS = YES;
				CLANG_WARN_STRICT_PROTOTYPES = YES;
				CLANG_WARN_SUSPICIOUS_MOVE = YES;
				CLANG_WARN_UNGUARDED_AVAILABILITY = YES_AGGRESSIVE;
				CLANG_WARN_UNREACHABLE_CODE = YES;
				CLANG_WARN__DUPLICATE_METHOD_MATCH = YES;
				CODE_SIGN_IDENTITY = "iPhone Developer";
				COPY_PHASE_STRIP = NO;
				DEBUG_INFORMATION_FORMAT = dwarf;
				ENABLE_STRICT_OBJC_MSGSEND = YES;
				ENABLE_TESTABILITY = YES;
				GCC_C_LANGUAGE_STANDARD = gnu11;
				GCC_DYNAMIC_NO_PIC = NO;
				GCC_NO_COMMON_BLOCKS = YES;
				GCC_OPTIMIZATION_LEVEL = 0;
				GCC_PREPROCESSOR_DEFINITIONS = (
					"DEBUG=1",
					"$(inherited)",
				);
				GCC_WARN_64_TO_32_BIT_CONVERSION = YES;
				GCC_WARN_ABOUT_RETURN_TYPE = YES_ERROR;
				GCC_WARN_UNDECLARED_SELECTOR = YES;
				GCC_WARN_UNINITIALIZED_AUTOS = YES_AGGRESSIVE;
				GCC_WARN_UNUSED_FUNCTION = YES;
				GCC_WARN_UNUSED_VARIABLE = YES;
				IPHONEOS_DEPLOYMENT_TARGET = 11.4;
				MTL_ENABLE_DEBUG_INFO = YES;
				ONLY_ACTIVE_ARCH = YES;
				SDKROOT = iphoneos;
				SWIFT_ACTIVE_COMPILATION_CONDITIONS = DEBUG;
				SWIFT_OBJC_BRIDGING_HEADER = "FlashStash/FlashStash-Bridging-Header.h";
				SWIFT_OPTIMIZATION_LEVEL = "-Onone";
			};
			name = Debug;
		};
		7EDF035C2107BA0100DFEEE3 /* Release */ = {
			isa = XCBuildConfiguration;
			buildSettings = {
				ALWAYS_SEARCH_USER_PATHS = NO;
				CLANG_ANALYZER_LOCALIZABILITY_NONLOCALIZED = YES;
				CLANG_ANALYZER_NONNULL = YES;
				CLANG_ANALYZER_NUMBER_OBJECT_CONVERSION = YES_AGGRESSIVE;
				CLANG_CXX_LANGUAGE_STANDARD = "gnu++14";
				CLANG_CXX_LIBRARY = "libc++";
				CLANG_ENABLE_MODULES = YES;
				CLANG_ENABLE_OBJC_ARC = YES;
				CLANG_ENABLE_OBJC_WEAK = YES;
				CLANG_WARN_BLOCK_CAPTURE_AUTORELEASING = YES;
				CLANG_WARN_BOOL_CONVERSION = YES;
				CLANG_WARN_COMMA = YES;
				CLANG_WARN_CONSTANT_CONVERSION = YES;
				CLANG_WARN_DEPRECATED_OBJC_IMPLEMENTATIONS = YES;
				CLANG_WARN_DIRECT_OBJC_ISA_USAGE = YES_ERROR;
				CLANG_WARN_DOCUMENTATION_COMMENTS = YES;
				CLANG_WARN_EMPTY_BODY = YES;
				CLANG_WARN_ENUM_CONVERSION = YES;
				CLANG_WARN_INFINITE_RECURSION = YES;
				CLANG_WARN_INT_CONVERSION = YES;
				CLANG_WARN_NON_LITERAL_NULL_CONVERSION = YES;
				CLANG_WARN_OBJC_IMPLICIT_RETAIN_SELF = YES;
				CLANG_WARN_OBJC_LITERAL_CONVERSION = YES;
				CLANG_WARN_OBJC_ROOT_CLASS = YES_ERROR;
				CLANG_WARN_RANGE_LOOP_ANALYSIS = YES;
				CLANG_WARN_STRICT_PROTOTYPES = YES;
				CLANG_WARN_SUSPICIOUS_MOVE = YES;
				CLANG_WARN_UNGUARDED_AVAILABILITY = YES_AGGRESSIVE;
				CLANG_WARN_UNREACHABLE_CODE = YES;
				CLANG_WARN__DUPLICATE_METHOD_MATCH = YES;
				CODE_SIGN_IDENTITY = "iPhone Developer";
				COPY_PHASE_STRIP = NO;
				DEBUG_INFORMATION_FORMAT = "dwarf-with-dsym";
				ENABLE_NS_ASSERTIONS = NO;
				ENABLE_STRICT_OBJC_MSGSEND = YES;
				GCC_C_LANGUAGE_STANDARD = gnu11;
				GCC_NO_COMMON_BLOCKS = YES;
				GCC_WARN_64_TO_32_BIT_CONVERSION = YES;
				GCC_WARN_ABOUT_RETURN_TYPE = YES_ERROR;
				GCC_WARN_UNDECLARED_SELECTOR = YES;
				GCC_WARN_UNINITIALIZED_AUTOS = YES_AGGRESSIVE;
				GCC_WARN_UNUSED_FUNCTION = YES;
				GCC_WARN_UNUSED_VARIABLE = YES;
				IPHONEOS_DEPLOYMENT_TARGET = 11.4;
				MTL_ENABLE_DEBUG_INFO = NO;
				SDKROOT = iphoneos;
				SWIFT_COMPILATION_MODE = wholemodule;
				SWIFT_OBJC_BRIDGING_HEADER = "FlashStash/FlashStash-Bridging-Header.h";
				SWIFT_OPTIMIZATION_LEVEL = "-O";
				VALIDATE_PRODUCT = YES;
			};
			name = Release;
		};
		7EDF035E2107BA0100DFEEE3 /* Debug */ = {
			isa = XCBuildConfiguration;
			baseConfigurationReference = A91E3D2BF70D148018530D61 /* Pods-FlashStash.debug.xcconfig */;
			buildSettings = {
				ASSETCATALOG_COMPILER_APPICON_NAME = AppIcon;
				CODE_SIGN_STYLE = Automatic;
				DEVELOPMENT_TEAM = DBM67E5D74;
				INFOPLIST_FILE = "$(SRCROOT)/FlashStash/Resources/Info.plist";
				LD_RUNPATH_SEARCH_PATHS = (
					"$(inherited)",
					"@executable_path/Frameworks",
				);
				PRODUCT_BUNDLE_IDENTIFIER = com.adammoskovich.FlashStash;
				PRODUCT_NAME = "$(TARGET_NAME)";
				SWIFT_OBJC_BRIDGING_HEADER = "FlashStash/FlashStash-Bridging-Header.h";
				SWIFT_VERSION = 4.0;
				TARGETED_DEVICE_FAMILY = "1,2";
			};
			name = Debug;
		};
		7EDF035F2107BA0100DFEEE3 /* Release */ = {
			isa = XCBuildConfiguration;
			baseConfigurationReference = 5A7BB8573939098AD5EE4EFB /* Pods-FlashStash.release.xcconfig */;
			buildSettings = {
				ASSETCATALOG_COMPILER_APPICON_NAME = AppIcon;
				CODE_SIGN_STYLE = Automatic;
				DEVELOPMENT_TEAM = DBM67E5D74;
				INFOPLIST_FILE = "$(SRCROOT)/FlashStash/Resources/Info.plist";
				LD_RUNPATH_SEARCH_PATHS = (
					"$(inherited)",
					"@executable_path/Frameworks",
				);
				PRODUCT_BUNDLE_IDENTIFIER = com.adammoskovich.FlashStash;
				PRODUCT_NAME = "$(TARGET_NAME)";
				SWIFT_OBJC_BRIDGING_HEADER = "FlashStash/FlashStash-Bridging-Header.h";
				SWIFT_VERSION = 4.0;
				TARGETED_DEVICE_FAMILY = "1,2";
			};
			name = Release;
		};
		7EDF03612107BA0100DFEEE3 /* Debug */ = {
			isa = XCBuildConfiguration;
			baseConfigurationReference = A7EA2E2B82AC53A048413762 /* Pods-FlashStashUITests.debug.xcconfig */;
			buildSettings = {
				ALWAYS_EMBED_SWIFT_STANDARD_LIBRARIES = YES;
				CODE_SIGN_STYLE = Automatic;
				DEVELOPMENT_TEAM = DBM67E5D74;
				INFOPLIST_FILE = FlashStashUITests/Info.plist;
				LD_RUNPATH_SEARCH_PATHS = (
					"$(inherited)",
					"@executable_path/Frameworks",
					"@loader_path/Frameworks",
				);
				PRODUCT_BUNDLE_IDENTIFIER = com.adammoskovich.FlashStashUITests;
				PRODUCT_NAME = "$(TARGET_NAME)";
				SWIFT_VERSION = 4.0;
				TARGETED_DEVICE_FAMILY = "1,2";
				TEST_TARGET_NAME = FlashStash;
			};
			name = Debug;
		};
		7EDF03622107BA0100DFEEE3 /* Release */ = {
			isa = XCBuildConfiguration;
			baseConfigurationReference = 3B613EF2651E3A27DE7ABE28 /* Pods-FlashStashUITests.release.xcconfig */;
			buildSettings = {
				ALWAYS_EMBED_SWIFT_STANDARD_LIBRARIES = YES;
				CODE_SIGN_STYLE = Automatic;
				DEVELOPMENT_TEAM = DBM67E5D74;
				INFOPLIST_FILE = FlashStashUITests/Info.plist;
				LD_RUNPATH_SEARCH_PATHS = (
					"$(inherited)",
					"@executable_path/Frameworks",
					"@loader_path/Frameworks",
				);
				PRODUCT_BUNDLE_IDENTIFIER = com.adammoskovich.FlashStashUITests;
				PRODUCT_NAME = "$(TARGET_NAME)";
				SWIFT_VERSION = 4.0;
				TARGETED_DEVICE_FAMILY = "1,2";
				TEST_TARGET_NAME = FlashStash;
			};
			name = Release;
		};
/* End XCBuildConfiguration section */

/* Begin XCConfigurationList section */
		7EDF03382107B9FE00DFEEE3 /* Build configuration list for PBXProject "FlashStash" */ = {
			isa = XCConfigurationList;
			buildConfigurations = (
				7EDF035B2107BA0100DFEEE3 /* Debug */,
				7EDF035C2107BA0100DFEEE3 /* Release */,
			);
			defaultConfigurationIsVisible = 0;
			defaultConfigurationName = Release;
		};
		7EDF035D2107BA0100DFEEE3 /* Build configuration list for PBXNativeTarget "FlashStash" */ = {
			isa = XCConfigurationList;
			buildConfigurations = (
				7EDF035E2107BA0100DFEEE3 /* Debug */,
				7EDF035F2107BA0100DFEEE3 /* Release */,
			);
			defaultConfigurationIsVisible = 0;
			defaultConfigurationName = Release;
		};
		7EDF03602107BA0100DFEEE3 /* Build configuration list for PBXNativeTarget "FlashStashUITests" */ = {
			isa = XCConfigurationList;
			buildConfigurations = (
				7EDF03612107BA0100DFEEE3 /* Debug */,
				7EDF03622107BA0100DFEEE3 /* Release */,
			);
			defaultConfigurationIsVisible = 0;
			defaultConfigurationName = Release;
		};
/* End XCConfigurationList section */

/* Begin XCVersionGroup section */
		7EDF03472107B9FF00DFEEE3 /* FlashStash.xcdatamodeld */ = {
			isa = XCVersionGroup;
			children = (
				7EDF03482107B9FF00DFEEE3 /* FlashStash.xcdatamodel */,
			);
			currentVersion = 7EDF03482107B9FF00DFEEE3 /* FlashStash.xcdatamodel */;
			path = FlashStash.xcdatamodeld;
			sourceTree = "<group>";
			versionGroupType = wrapper.xcdatamodel;
		};
/* End XCVersionGroup section */
	};
	rootObject = 7EDF03352107B9FE00DFEEE3 /* Project object */;
}
