// !$*UTF8*$!
{
	archiveVersion = 1;
	classes = {
	};
	objectVersion = 50;
	objects = {

/* Begin PBXBuildFile section */
		7E0A31AE210BD0870013DCDE /* FolderCollectionViewCell.swift in Sources */ = {isa = PBXBuildFile; fileRef = 7E0A31AD210BD0870013DCDE /* FolderCollectionViewCell.swift */; };
		7E0A31B6210BD0FA0013DCDE /* HomeViewController.swift in Sources */ = {isa = PBXBuildFile; fileRef = 7E0A31B5210BD0FA0013DCDE /* HomeViewController.swift */; };
		7E31E1F821090A740073190B /* CardController.swift in Sources */ = {isa = PBXBuildFile; fileRef = 7E31E1F721090A740073190B /* CardController.swift */; };
		7E5B7CE4210D674E00D515A8 /* OpenSans-Bold.ttf in Resources */ = {isa = PBXBuildFile; fileRef = 7E5B7CDD210D674300D515A8 /* OpenSans-Bold.ttf */; };
		7E5B7CF7210D69EC00D515A8 /* OpenSans-Regular.ttf in Resources */ = {isa = PBXBuildFile; fileRef = 7E5B7CEE210D69EB00D515A8 /* OpenSans-Regular.ttf */; };
		7E5B7CF8210D69EC00D515A8 /* OpenSans-Semibold.ttf in Resources */ = {isa = PBXBuildFile; fileRef = 7E5B7CEF210D69EB00D515A8 /* OpenSans-Semibold.ttf */; };
		7E5B7CF9210D69EC00D515A8 /* OpenSans-LightItalic.ttf in Resources */ = {isa = PBXBuildFile; fileRef = 7E5B7CF0210D69EB00D515A8 /* OpenSans-LightItalic.ttf */; };
		7E5B7CFA210D69EC00D515A8 /* OpenSans-ExtraBoldItalic.ttf in Resources */ = {isa = PBXBuildFile; fileRef = 7E5B7CF1210D69EC00D515A8 /* OpenSans-ExtraBoldItalic.ttf */; };
		7E5B7CFB210D69EC00D515A8 /* OpenSans-SemiboldItalic.ttf in Resources */ = {isa = PBXBuildFile; fileRef = 7E5B7CF2210D69EC00D515A8 /* OpenSans-SemiboldItalic.ttf */; };
		7E5B7CFC210D69EC00D515A8 /* OpenSans-Italic.ttf in Resources */ = {isa = PBXBuildFile; fileRef = 7E5B7CF3210D69EC00D515A8 /* OpenSans-Italic.ttf */; };
		7E5B7CFD210D69EC00D515A8 /* OpenSans-ExtraBold.ttf in Resources */ = {isa = PBXBuildFile; fileRef = 7E5B7CF4210D69EC00D515A8 /* OpenSans-ExtraBold.ttf */; };
		7E5B7CFE210D69EC00D515A8 /* OpenSans-BoldItalic.ttf in Resources */ = {isa = PBXBuildFile; fileRef = 7E5B7CF5210D69EC00D515A8 /* OpenSans-BoldItalic.ttf */; };
		7E5B7CFF210D69EC00D515A8 /* OpenSans-Light.ttf in Resources */ = {isa = PBXBuildFile; fileRef = 7E5B7CF6210D69EC00D515A8 /* OpenSans-Light.ttf */; };
		7EDF03412107B9FF00DFEEE3 /* AppDelegate.swift in Sources */ = {isa = PBXBuildFile; fileRef = 7EDF03402107B9FF00DFEEE3 /* AppDelegate.swift */; };
		7EDF03462107B9FF00DFEEE3 /* Main.storyboard in Resources */ = {isa = PBXBuildFile; fileRef = 7EDF03442107B9FF00DFEEE3 /* Main.storyboard */; };
		7EDF03492107B9FF00DFEEE3 /* FlashStash.xcdatamodeld in Sources */ = {isa = PBXBuildFile; fileRef = 7EDF03472107B9FF00DFEEE3 /* FlashStash.xcdatamodeld */; };
		7EDF034B2107BA0100DFEEE3 /* Assets.xcassets in Resources */ = {isa = PBXBuildFile; fileRef = 7EDF034A2107BA0100DFEEE3 /* Assets.xcassets */; };
		7EDF034E2107BA0100DFEEE3 /* LaunchScreen.storyboard in Resources */ = {isa = PBXBuildFile; fileRef = 7EDF034C2107BA0100DFEEE3 /* LaunchScreen.storyboard */; };
		7EDF03592107BA0100DFEEE3 /* FlashStashUITests.swift in Sources */ = {isa = PBXBuildFile; fileRef = 7EDF03582107BA0100DFEEE3 /* FlashStashUITests.swift */; };
		7EF008292107F53F00A93804 /* Card.swift in Sources */ = {isa = PBXBuildFile; fileRef = 7EF008282107F53F00A93804 /* Card.swift */; };
		7EF0082B2107F5B900A93804 /* Deck.swift in Sources */ = {isa = PBXBuildFile; fileRef = 7EF0082A2107F5B900A93804 /* Deck.swift */; };
		7EF0082D2107F5CF00A93804 /* Folder.swift in Sources */ = {isa = PBXBuildFile; fileRef = 7EF0082C2107F5CF00A93804 /* Folder.swift */; };
		7EF0082F2108DD5600A93804 /* CoreDataStack.swift in Sources */ = {isa = PBXBuildFile; fileRef = 7EF0082E2108DD5600A93804 /* CoreDataStack.swift */; };
		7EF008312108DDB500A93804 /* TestFile.swift in Sources */ = {isa = PBXBuildFile; fileRef = 7EF008302108DDB500A93804 /* TestFile.swift */; };
		7EF008332108EF1C00A93804 /* FolderController.swift in Sources */ = {isa = PBXBuildFile; fileRef = 7EF008322108EF1C00A93804 /* FolderController.swift */; };
		7EF008352108F21F00A93804 /* DeckController.swift in Sources */ = {isa = PBXBuildFile; fileRef = 7EF008342108F21F00A93804 /* DeckController.swift */; };
/* End PBXBuildFile section */

/* Begin PBXContainerItemProxy section */
		7EDF03552107BA0100DFEEE3 /* PBXContainerItemProxy */ = {
			isa = PBXContainerItemProxy;
			containerPortal = 7EDF03352107B9FE00DFEEE3 /* Project object */;
			proxyType = 1;
			remoteGlobalIDString = 7EDF033C2107B9FF00DFEEE3;
			remoteInfo = FlashStash;
		};
/* End PBXContainerItemProxy section */

/* Begin PBXFileReference section */
		7E0A31AD210BD0870013DCDE /* FolderCollectionViewCell.swift */ = {isa = PBXFileReference; lastKnownFileType = sourcecode.swift; path = FolderCollectionViewCell.swift; sourceTree = "<group>"; };
		7E0A31B5210BD0FA0013DCDE /* HomeViewController.swift */ = {isa = PBXFileReference; lastKnownFileType = sourcecode.swift; path = HomeViewController.swift; sourceTree = "<group>"; };
		7E31E1F721090A740073190B /* CardController.swift */ = {isa = PBXFileReference; lastKnownFileType = sourcecode.swift; path = CardController.swift; sourceTree = "<group>"; };
		7E5B7CDD210D674300D515A8 /* OpenSans-Bold.ttf */ = {isa = PBXFileReference; lastKnownFileType = file; path = "OpenSans-Bold.ttf"; sourceTree = "<group>"; };
		7E5B7CEE210D69EB00D515A8 /* OpenSans-Regular.ttf */ = {isa = PBXFileReference; lastKnownFileType = file; path = "OpenSans-Regular.ttf"; sourceTree = "<group>"; };
		7E5B7CEF210D69EB00D515A8 /* OpenSans-Semibold.ttf */ = {isa = PBXFileReference; lastKnownFileType = file; path = "OpenSans-Semibold.ttf"; sourceTree = "<group>"; };
		7E5B7CF0210D69EB00D515A8 /* OpenSans-LightItalic.ttf */ = {isa = PBXFileReference; lastKnownFileType = file; path = "OpenSans-LightItalic.ttf"; sourceTree = "<group>"; };
		7E5B7CF1210D69EC00D515A8 /* OpenSans-ExtraBoldItalic.ttf */ = {isa = PBXFileReference; lastKnownFileType = file; path = "OpenSans-ExtraBoldItalic.ttf"; sourceTree = "<group>"; };
		7E5B7CF2210D69EC00D515A8 /* OpenSans-SemiboldItalic.ttf */ = {isa = PBXFileReference; lastKnownFileType = file; path = "OpenSans-SemiboldItalic.ttf"; sourceTree = "<group>"; };
		7E5B7CF3210D69EC00D515A8 /* OpenSans-Italic.ttf */ = {isa = PBXFileReference; lastKnownFileType = file; path = "OpenSans-Italic.ttf"; sourceTree = "<group>"; };
		7E5B7CF4210D69EC00D515A8 /* OpenSans-ExtraBold.ttf */ = {isa = PBXFileReference; lastKnownFileType = file; path = "OpenSans-ExtraBold.ttf"; sourceTree = "<group>"; };
		7E5B7CF5210D69EC00D515A8 /* OpenSans-BoldItalic.ttf */ = {isa = PBXFileReference; lastKnownFileType = file; path = "OpenSans-BoldItalic.ttf"; sourceTree = "<group>"; };
		7E5B7CF6210D69EC00D515A8 /* OpenSans-Light.ttf */ = {isa = PBXFileReference; lastKnownFileType = file; path = "OpenSans-Light.ttf"; sourceTree = "<group>"; };
		7EDF033D2107B9FF00DFEEE3 /* FlashStash.app */ = {isa = PBXFileReference; explicitFileType = wrapper.application; includeInIndex = 0; path = FlashStash.app; sourceTree = BUILT_PRODUCTS_DIR; };
		7EDF03402107B9FF00DFEEE3 /* AppDelegate.swift */ = {isa = PBXFileReference; lastKnownFileType = sourcecode.swift; path = AppDelegate.swift; sourceTree = "<group>"; };
		7EDF03452107B9FF00DFEEE3 /* Base */ = {isa = PBXFileReference; lastKnownFileType = file.storyboard; name = Base; path = Base.lproj/Main.storyboard; sourceTree = "<group>"; };
		7EDF03482107B9FF00DFEEE3 /* FlashStash.xcdatamodel */ = {isa = PBXFileReference; lastKnownFileType = wrapper.xcdatamodel; path = FlashStash.xcdatamodel; sourceTree = "<group>"; };
		7EDF034A2107BA0100DFEEE3 /* Assets.xcassets */ = {isa = PBXFileReference; lastKnownFileType = folder.assetcatalog; path = Assets.xcassets; sourceTree = "<group>"; };
		7EDF034D2107BA0100DFEEE3 /* Base */ = {isa = PBXFileReference; lastKnownFileType = file.storyboard; name = Base; path = Base.lproj/LaunchScreen.storyboard; sourceTree = "<group>"; };
		7EDF034F2107BA0100DFEEE3 /* Info.plist */ = {isa = PBXFileReference; lastKnownFileType = text.plist.xml; path = Info.plist; sourceTree = "<group>"; };
		7EDF03542107BA0100DFEEE3 /* FlashStashUITests.xctest */ = {isa = PBXFileReference; explicitFileType = wrapper.cfbundle; includeInIndex = 0; path = FlashStashUITests.xctest; sourceTree = BUILT_PRODUCTS_DIR; };
		7EDF03582107BA0100DFEEE3 /* FlashStashUITests.swift */ = {isa = PBXFileReference; lastKnownFileType = sourcecode.swift; path = FlashStashUITests.swift; sourceTree = "<group>"; };
		7EDF035A2107BA0100DFEEE3 /* Info.plist */ = {isa = PBXFileReference; lastKnownFileType = text.plist.xml; path = Info.plist; sourceTree = "<group>"; };
		7EF008282107F53F00A93804 /* Card.swift */ = {isa = PBXFileReference; lastKnownFileType = sourcecode.swift; path = Card.swift; sourceTree = "<group>"; };
		7EF0082A2107F5B900A93804 /* Deck.swift */ = {isa = PBXFileReference; lastKnownFileType = sourcecode.swift; path = Deck.swift; sourceTree = "<group>"; };
		7EF0082C2107F5CF00A93804 /* Folder.swift */ = {isa = PBXFileReference; lastKnownFileType = sourcecode.swift; path = Folder.swift; sourceTree = "<group>"; };
		7EF0082E2108DD5600A93804 /* CoreDataStack.swift */ = {isa = PBXFileReference; lastKnownFileType = sourcecode.swift; path = CoreDataStack.swift; sourceTree = "<group>"; };
		7EF008302108DDB500A93804 /* TestFile.swift */ = {isa = PBXFileReference; lastKnownFileType = sourcecode.swift; path = TestFile.swift; sourceTree = "<group>"; };
		7EF008322108EF1C00A93804 /* FolderController.swift */ = {isa = PBXFileReference; lastKnownFileType = sourcecode.swift; path = FolderController.swift; sourceTree = "<group>"; };
		7EF008342108F21F00A93804 /* DeckController.swift */ = {isa = PBXFileReference; lastKnownFileType = sourcecode.swift; path = DeckController.swift; sourceTree = "<group>"; };
/* End PBXFileReference section */

/* Begin PBXFrameworksBuildPhase section */
		7EDF033A2107B9FF00DFEEE3 /* Frameworks */ = {
			isa = PBXFrameworksBuildPhase;
			buildActionMask = 2147483647;
			files = (
			);
			runOnlyForDeploymentPostprocessing = 0;
		};
		7EDF03512107BA0100DFEEE3 /* Frameworks */ = {
			isa = PBXFrameworksBuildPhase;
			buildActionMask = 2147483647;
			files = (
			);
			runOnlyForDeploymentPostprocessing = 0;
		};
/* End PBXFrameworksBuildPhase section */

/* Begin PBXGroup section */
		7E5B7CD9210D66D600D515A8 /* Fonts */ = {
			isa = PBXGroup;
			children = (
				7E5B7CDD210D674300D515A8 /* OpenSans-Bold.ttf */,
				7E5B7CF5210D69EC00D515A8 /* OpenSans-BoldItalic.ttf */,
				7E5B7CF4210D69EC00D515A8 /* OpenSans-ExtraBold.ttf */,
				7E5B7CF1210D69EC00D515A8 /* OpenSans-ExtraBoldItalic.ttf */,
				7E5B7CF3210D69EC00D515A8 /* OpenSans-Italic.ttf */,
				7E5B7CF6210D69EC00D515A8 /* OpenSans-Light.ttf */,
				7E5B7CF0210D69EB00D515A8 /* OpenSans-LightItalic.ttf */,
				7E5B7CEE210D69EB00D515A8 /* OpenSans-Regular.ttf */,
				7E5B7CEF210D69EB00D515A8 /* OpenSans-Semibold.ttf */,
				7E5B7CF2210D69EC00D515A8 /* OpenSans-SemiboldItalic.ttf */,
			);
			path = Fonts;
			sourceTree = "<group>";
		};
		7EDF03342107B9FE00DFEEE3 = {
			isa = PBXGroup;
			children = (
				7EDF033F2107B9FF00DFEEE3 /* FlashStash */,
				7EDF03572107BA0100DFEEE3 /* FlashStashUITests */,
				7EDF033E2107B9FF00DFEEE3 /* Products */,
			);
			sourceTree = "<group>";
		};
		7EDF033E2107B9FF00DFEEE3 /* Products */ = {
			isa = PBXGroup;
			children = (
				7EDF033D2107B9FF00DFEEE3 /* FlashStash.app */,
				7EDF03542107BA0100DFEEE3 /* FlashStashUITests.xctest */,
			);
			name = Products;
			sourceTree = "<group>";
		};
		7EDF033F2107B9FF00DFEEE3 /* FlashStash */ = {
			isa = PBXGroup;
			children = (
				7EDF03682107BB3300DFEEE3 /* Models */,
				7EDF03662107BACF00DFEEE3 /* Model Controllers */,
				7EDF03652107BACA00DFEEE3 /* View Controllers */,
				7EDF03642107BAC500DFEEE3 /* Views */,
				7EDF03632107BAC000DFEEE3 /* Storyboards */,
				7EDF03672107BAEF00DFEEE3 /* Resources */,
			);
			path = FlashStash;
			sourceTree = "<group>";
		};
		7EDF03572107BA0100DFEEE3 /* FlashStashUITests */ = {
			isa = PBXGroup;
			children = (
				7EDF03582107BA0100DFEEE3 /* FlashStashUITests.swift */,
				7EDF035A2107BA0100DFEEE3 /* Info.plist */,
			);
			path = FlashStashUITests;
			sourceTree = "<group>";
		};
		7EDF03632107BAC000DFEEE3 /* Storyboards */ = {
			isa = PBXGroup;
			children = (
				7EDF03442107B9FF00DFEEE3 /* Main.storyboard */,
				7EDF034C2107BA0100DFEEE3 /* LaunchScreen.storyboard */,
			);
			path = Storyboards;
			sourceTree = "<group>";
		};
		7EDF03642107BAC500DFEEE3 /* Views */ = {
			isa = PBXGroup;
			children = (
				7E0A31AD210BD0870013DCDE /* FolderCollectionViewCell.swift */,
			);
			path = Views;
			sourceTree = "<group>";
		};
		7EDF03652107BACA00DFEEE3 /* View Controllers */ = {
			isa = PBXGroup;
			children = (
				7E0A31B5210BD0FA0013DCDE /* HomeViewController.swift */,
			);
			path = "View Controllers";
			sourceTree = "<group>";
		};
		7EDF03662107BACF00DFEEE3 /* Model Controllers */ = {
			isa = PBXGroup;
			children = (
				7EF008302108DDB500A93804 /* TestFile.swift */,
				7EF008322108EF1C00A93804 /* FolderController.swift */,
				7EF008342108F21F00A93804 /* DeckController.swift */,
				7E31E1F721090A740073190B /* CardController.swift */,
			);
			path = "Model Controllers";
			sourceTree = "<group>";
		};
		7EDF03672107BAEF00DFEEE3 /* Resources */ = {
			isa = PBXGroup;
			children = (
				7E5B7CD9210D66D600D515A8 /* Fonts */,
				7EDF03402107B9FF00DFEEE3 /* AppDelegate.swift */,
				7EDF034A2107BA0100DFEEE3 /* Assets.xcassets */,
				7EDF034F2107BA0100DFEEE3 /* Info.plist */,
			);
			path = Resources;
			sourceTree = "<group>";
		};
		7EDF03682107BB3300DFEEE3 /* Models */ = {
			isa = PBXGroup;
			children = (
				7EDF03472107B9FF00DFEEE3 /* FlashStash.xcdatamodeld */,
				7EF008282107F53F00A93804 /* Card.swift */,
				7EF0082A2107F5B900A93804 /* Deck.swift */,
				7EF0082C2107F5CF00A93804 /* Folder.swift */,
				7EF0082E2108DD5600A93804 /* CoreDataStack.swift */,
			);
			path = Models;
			sourceTree = "<group>";
		};
/* End PBXGroup section */

/* Begin PBXNativeTarget section */
		7EDF033C2107B9FF00DFEEE3 /* FlashStash */ = {
			isa = PBXNativeTarget;
			buildConfigurationList = 7EDF035D2107BA0100DFEEE3 /* Build configuration list for PBXNativeTarget "FlashStash" */;
			buildPhases = (
				7EDF03392107B9FF00DFEEE3 /* Sources */,
				7EDF033A2107B9FF00DFEEE3 /* Frameworks */,
				7EDF033B2107B9FF00DFEEE3 /* Resources */,
			);
			buildRules = (
			);
			dependencies = (
			);
			name = FlashStash;
			productName = FlashStash;
			productReference = 7EDF033D2107B9FF00DFEEE3 /* FlashStash.app */;
			productType = "com.apple.product-type.application";
		};
		7EDF03532107BA0100DFEEE3 /* FlashStashUITests */ = {
			isa = PBXNativeTarget;
			buildConfigurationList = 7EDF03602107BA0100DFEEE3 /* Build configuration list for PBXNativeTarget "FlashStashUITests" */;
			buildPhases = (
				7EDF03502107BA0100DFEEE3 /* Sources */,
				7EDF03512107BA0100DFEEE3 /* Frameworks */,
				7EDF03522107BA0100DFEEE3 /* Resources */,
			);
			buildRules = (
			);
			dependencies = (
				7EDF03562107BA0100DFEEE3 /* PBXTargetDependency */,
			);
			name = FlashStashUITests;
			productName = FlashStashUITests;
			productReference = 7EDF03542107BA0100DFEEE3 /* FlashStashUITests.xctest */;
			productType = "com.apple.product-type.bundle.ui-testing";
		};
/* End PBXNativeTarget section */

/* Begin PBXProject section */
		7EDF03352107B9FE00DFEEE3 /* Project object */ = {
			isa = PBXProject;
			attributes = {
				LastSwiftUpdateCheck = 0940;
				LastUpgradeCheck = 0940;
				ORGANIZATIONNAME = "Adam Moskovich";
				TargetAttributes = {
					7EDF033C2107B9FF00DFEEE3 = {
						CreatedOnToolsVersion = 9.4.1;
					};
					7EDF03532107BA0100DFEEE3 = {
						CreatedOnToolsVersion = 9.4.1;
						TestTargetID = 7EDF033C2107B9FF00DFEEE3;
					};
				};
			};
			buildConfigurationList = 7EDF03382107B9FE00DFEEE3 /* Build configuration list for PBXProject "FlashStash" */;
			compatibilityVersion = "Xcode 9.3";
			developmentRegion = en;
			hasScannedForEncodings = 0;
			knownRegions = (
				en,
				Base,
			);
			mainGroup = 7EDF03342107B9FE00DFEEE3;
			productRefGroup = 7EDF033E2107B9FF00DFEEE3 /* Products */;
			projectDirPath = "";
			projectRoot = "";
			targets = (
				7EDF033C2107B9FF00DFEEE3 /* FlashStash */,
				7EDF03532107BA0100DFEEE3 /* FlashStashUITests */,
			);
		};
/* End PBXProject section */

/* Begin PBXResourcesBuildPhase section */
		7EDF033B2107B9FF00DFEEE3 /* Resources */ = {
			isa = PBXResourcesBuildPhase;
			buildActionMask = 2147483647;
			files = (
				7E5B7CFF210D69EC00D515A8 /* OpenSans-Light.ttf in Resources */,
				7E5B7CF8210D69EC00D515A8 /* OpenSans-Semibold.ttf in Resources */,
				7E5B7CFD210D69EC00D515A8 /* OpenSans-ExtraBold.ttf in Resources */,
				7E5B7CFB210D69EC00D515A8 /* OpenSans-SemiboldItalic.ttf in Resources */,
				7E5B7CF7210D69EC00D515A8 /* OpenSans-Regular.ttf in Resources */,
				7E5B7CFC210D69EC00D515A8 /* OpenSans-Italic.ttf in Resources */,
				7E5B7CF9210D69EC00D515A8 /* OpenSans-LightItalic.ttf in Resources */,
				7E5B7CFE210D69EC00D515A8 /* OpenSans-BoldItalic.ttf in Resources */,
				7EDF034E2107BA0100DFEEE3 /* LaunchScreen.storyboard in Resources */,
				7EDF034B2107BA0100DFEEE3 /* Assets.xcassets in Resources */,
				7E5B7CE4210D674E00D515A8 /* OpenSans-Bold.ttf in Resources */,
				7EDF03462107B9FF00DFEEE3 /* Main.storyboard in Resources */,
				7E5B7CFA210D69EC00D515A8 /* OpenSans-ExtraBoldItalic.ttf in Resources */,
			);
			runOnlyForDeploymentPostprocessing = 0;
		};
		7EDF03522107BA0100DFEEE3 /* Resources */ = {
			isa = PBXResourcesBuildPhase;
			buildActionMask = 2147483647;
			files = (
			);
			runOnlyForDeploymentPostprocessing = 0;
		};
/* End PBXResourcesBuildPhase section */

/* Begin PBXSourcesBuildPhase section */
		7EDF03392107B9FF00DFEEE3 /* Sources */ = {
			isa = PBXSourcesBuildPhase;
			buildActionMask = 2147483647;
			files = (
				7EF008352108F21F00A93804 /* DeckController.swift in Sources */,
				7EF0082B2107F5B900A93804 /* Deck.swift in Sources */,
				7EF0082D2107F5CF00A93804 /* Folder.swift in Sources */,
				7EDF03492107B9FF00DFEEE3 /* FlashStash.xcdatamodeld in Sources */,
				7EF008312108DDB500A93804 /* TestFile.swift in Sources */,
				7E0A31B6210BD0FA0013DCDE /* HomeViewController.swift in Sources */,
				7E31E1F821090A740073190B /* CardController.swift in Sources */,
				7EF0082F2108DD5600A93804 /* CoreDataStack.swift in Sources */,
				7EF008292107F53F00A93804 /* Card.swift in Sources */,
				7EDF03412107B9FF00DFEEE3 /* AppDelegate.swift in Sources */,
				7EF008332108EF1C00A93804 /* FolderController.swift in Sources */,
				7E0A31AE210BD0870013DCDE /* FolderCollectionViewCell.swift in Sources */,
			);
			runOnlyForDeploymentPostprocessing = 0;
		};
		7EDF03502107BA0100DFEEE3 /* Sources */ = {
			isa = PBXSourcesBuildPhase;
			buildActionMask = 2147483647;
			files = (
				7EDF03592107BA0100DFEEE3 /* FlashStashUITests.swift in Sources */,
			);
			runOnlyForDeploymentPostprocessing = 0;
		};
/* End PBXSourcesBuildPhase section */

/* Begin PBXTargetDependency section */
		7EDF03562107BA0100DFEEE3 /* PBXTargetDependency */ = {
			isa = PBXTargetDependency;
			target = 7EDF033C2107B9FF00DFEEE3 /* FlashStash */;
			targetProxy = 7EDF03552107BA0100DFEEE3 /* PBXContainerItemProxy */;
		};
/* End PBXTargetDependency section */

/* Begin PBXVariantGroup section */
		7EDF03442107B9FF00DFEEE3 /* Main.storyboard */ = {
			isa = PBXVariantGroup;
			children = (
				7EDF03452107B9FF00DFEEE3 /* Base */,
			);
			name = Main.storyboard;
			sourceTree = "<group>";
		};
		7EDF034C2107BA0100DFEEE3 /* LaunchScreen.storyboard */ = {
			isa = PBXVariantGroup;
			children = (
				7EDF034D2107BA0100DFEEE3 /* Base */,
			);
			name = LaunchScreen.storyboard;
			sourceTree = "<group>";
		};
/* End PBXVariantGroup section */

/* Begin XCBuildConfiguration section */
		7EDF035B2107BA0100DFEEE3 /* Debug */ = {
			isa = XCBuildConfiguration;
			buildSettings = {
				ALWAYS_SEARCH_USER_PATHS = NO;
				CLANG_ANALYZER_NONNULL = YES;
				CLANG_ANALYZER_NUMBER_OBJECT_CONVERSION = YES_AGGRESSIVE;
				CLANG_CXX_LANGUAGE_STANDARD = "gnu++14";
				CLANG_CXX_LIBRARY = "libc++";
				CLANG_ENABLE_MODULES = YES;
				CLANG_ENABLE_OBJC_ARC = YES;
				CLANG_ENABLE_OBJC_WEAK = YES;
				CLANG_WARN_BLOCK_CAPTURE_AUTORELEASING = YES;
				CLANG_WARN_BOOL_CONVERSION = YES;
				CLANG_WARN_COMMA = YES;
				CLANG_WARN_CONSTANT_CONVERSION = YES;
				CLANG_WARN_DEPRECATED_OBJC_IMPLEMENTATIONS = YES;
				CLANG_WARN_DIRECT_OBJC_ISA_USAGE = YES_ERROR;
				CLANG_WARN_DOCUMENTATION_COMMENTS = YES;
				CLANG_WARN_EMPTY_BODY = YES;
				CLANG_WARN_ENUM_CONVERSION = YES;
				CLANG_WARN_INFINITE_RECURSION = YES;
				CLANG_WARN_INT_CONVERSION = YES;
				CLANG_WARN_NON_LITERAL_NULL_CONVERSION = YES;
				CLANG_WARN_OBJC_IMPLICIT_RETAIN_SELF = YES;
				CLANG_WARN_OBJC_LITERAL_CONVERSION = YES;
				CLANG_WARN_OBJC_ROOT_CLASS = YES_ERROR;
				CLANG_WARN_RANGE_LOOP_ANALYSIS = YES;
				CLANG_WARN_STRICT_PROTOTYPES = YES;
				CLANG_WARN_SUSPICIOUS_MOVE = YES;
				CLANG_WARN_UNGUARDED_AVAILABILITY = YES_AGGRESSIVE;
				CLANG_WARN_UNREACHABLE_CODE = YES;
				CLANG_WARN__DUPLICATE_METHOD_MATCH = YES;
				CODE_SIGN_IDENTITY = "iPhone Developer";
				COPY_PHASE_STRIP = NO;
				DEBUG_INFORMATION_FORMAT = dwarf;
				ENABLE_STRICT_OBJC_MSGSEND = YES;
				ENABLE_TESTABILITY = YES;
				GCC_C_LANGUAGE_STANDARD = gnu11;
				GCC_DYNAMIC_NO_PIC = NO;
				GCC_NO_COMMON_BLOCKS = YES;
				GCC_OPTIMIZATION_LEVEL = 0;
				GCC_PREPROCESSOR_DEFINITIONS = (
					"DEBUG=1",
					"$(inherited)",
				);
				GCC_WARN_64_TO_32_BIT_CONVERSION = YES;
				GCC_WARN_ABOUT_RETURN_TYPE = YES_ERROR;
				GCC_WARN_UNDECLARED_SELECTOR = YES;
				GCC_WARN_UNINITIALIZED_AUTOS = YES_AGGRESSIVE;
				GCC_WARN_UNUSED_FUNCTION = YES;
				GCC_WARN_UNUSED_VARIABLE = YES;
				IPHONEOS_DEPLOYMENT_TARGET = 11.4;
				MTL_ENABLE_DEBUG_INFO = YES;
				ONLY_ACTIVE_ARCH = YES;
				SDKROOT = iphoneos;
				SWIFT_ACTIVE_COMPILATION_CONDITIONS = DEBUG;
				SWIFT_OPTIMIZATION_LEVEL = "-Onone";
			};
			name = Debug;
		};
		7EDF035C2107BA0100DFEEE3 /* Release */ = {
			isa = XCBuildConfiguration;
			buildSettings = {
				ALWAYS_SEARCH_USER_PATHS = NO;
				CLANG_ANALYZER_NONNULL = YES;
				CLANG_ANALYZER_NUMBER_OBJECT_CONVERSION = YES_AGGRESSIVE;
				CLANG_CXX_LANGUAGE_STANDARD = "gnu++14";
				CLANG_CXX_LIBRARY = "libc++";
				CLANG_ENABLE_MODULES = YES;
				CLANG_ENABLE_OBJC_ARC = YES;
				CLANG_ENABLE_OBJC_WEAK = YES;
				CLANG_WARN_BLOCK_CAPTURE_AUTORELEASING = YES;
				CLANG_WARN_BOOL_CONVERSION = YES;
				CLANG_WARN_COMMA = YES;
				CLANG_WARN_CONSTANT_CONVERSION = YES;
				CLANG_WARN_DEPRECATED_OBJC_IMPLEMENTATIONS = YES;
				CLANG_WARN_DIRECT_OBJC_ISA_USAGE = YES_ERROR;
				CLANG_WARN_DOCUMENTATION_COMMENTS = YES;
				CLANG_WARN_EMPTY_BODY = YES;
				CLANG_WARN_ENUM_CONVERSION = YES;
				CLANG_WARN_INFINITE_RECURSION = YES;
				CLANG_WARN_INT_CONVERSION = YES;
				CLANG_WARN_NON_LITERAL_NULL_CONVERSION = YES;
				CLANG_WARN_OBJC_IMPLICIT_RETAIN_SELF = YES;
				CLANG_WARN_OBJC_LITERAL_CONVERSION = YES;
				CLANG_WARN_OBJC_ROOT_CLASS = YES_ERROR;
				CLANG_WARN_RANGE_LOOP_ANALYSIS = YES;
				CLANG_WARN_STRICT_PROTOTYPES = YES;
				CLANG_WARN_SUSPICIOUS_MOVE = YES;
				CLANG_WARN_UNGUARDED_AVAILABILITY = YES_AGGRESSIVE;
				CLANG_WARN_UNREACHABLE_CODE = YES;
				CLANG_WARN__DUPLICATE_METHOD_MATCH = YES;
				CODE_SIGN_IDENTITY = "iPhone Developer";
				COPY_PHASE_STRIP = NO;
				DEBUG_INFORMATION_FORMAT = "dwarf-with-dsym";
				ENABLE_NS_ASSERTIONS = NO;
				ENABLE_STRICT_OBJC_MSGSEND = YES;
				GCC_C_LANGUAGE_STANDARD = gnu11;
				GCC_NO_COMMON_BLOCKS = YES;
				GCC_WARN_64_TO_32_BIT_CONVERSION = YES;
				GCC_WARN_ABOUT_RETURN_TYPE = YES_ERROR;
				GCC_WARN_UNDECLARED_SELECTOR = YES;
				GCC_WARN_UNINITIALIZED_AUTOS = YES_AGGRESSIVE;
				GCC_WARN_UNUSED_FUNCTION = YES;
				GCC_WARN_UNUSED_VARIABLE = YES;
				IPHONEOS_DEPLOYMENT_TARGET = 11.4;
				MTL_ENABLE_DEBUG_INFO = NO;
				SDKROOT = iphoneos;
				SWIFT_COMPILATION_MODE = wholemodule;
				SWIFT_OPTIMIZATION_LEVEL = "-O";
				VALIDATE_PRODUCT = YES;
			};
			name = Release;
		};
		7EDF035E2107BA0100DFEEE3 /* Debug */ = {
			isa = XCBuildConfiguration;
			buildSettings = {
				ASSETCATALOG_COMPILER_APPICON_NAME = AppIcon;
				CODE_SIGN_STYLE = Automatic;
				DEVELOPMENT_TEAM = DBM67E5D74;
				INFOPLIST_FILE = "$(SRCROOT)/FlashStash/Resources/Info.plist";
				LD_RUNPATH_SEARCH_PATHS = (
					"$(inherited)",
					"@executable_path/Frameworks",
				);
				PRODUCT_BUNDLE_IDENTIFIER = com.adammoskovich.FlashStash;
				PRODUCT_NAME = "$(TARGET_NAME)";
				SWIFT_VERSION = 4.0;
				TARGETED_DEVICE_FAMILY = "1,2";
			};
			name = Debug;
		};
		7EDF035F2107BA0100DFEEE3 /* Release */ = {
			isa = XCBuildConfiguration;
			buildSettings = {
				ASSETCATALOG_COMPILER_APPICON_NAME = AppIcon;
				CODE_SIGN_STYLE = Automatic;
				DEVELOPMENT_TEAM = DBM67E5D74;
				INFOPLIST_FILE = "$(SRCROOT)/FlashStash/Resources/Info.plist";
				LD_RUNPATH_SEARCH_PATHS = (
					"$(inherited)",
					"@executable_path/Frameworks",
				);
				PRODUCT_BUNDLE_IDENTIFIER = com.adammoskovich.FlashStash;
				PRODUCT_NAME = "$(TARGET_NAME)";
				SWIFT_VERSION = 4.0;
				TARGETED_DEVICE_FAMILY = "1,2";
			};
			name = Release;
		};
		7EDF03612107BA0100DFEEE3 /* Debug */ = {
			isa = XCBuildConfiguration;
			buildSettings = {
				ALWAYS_EMBED_SWIFT_STANDARD_LIBRARIES = YES;
				CODE_SIGN_STYLE = Automatic;
				DEVELOPMENT_TEAM = DBM67E5D74;
				INFOPLIST_FILE = FlashStashUITests/Info.plist;
				LD_RUNPATH_SEARCH_PATHS = (
					"$(inherited)",
					"@executable_path/Frameworks",
					"@loader_path/Frameworks",
				);
				PRODUCT_BUNDLE_IDENTIFIER = com.adammoskovich.FlashStashUITests;
				PRODUCT_NAME = "$(TARGET_NAME)";
				SWIFT_VERSION = 4.0;
				TARGETED_DEVICE_FAMILY = "1,2";
				TEST_TARGET_NAME = FlashStash;
			};
			name = Debug;
		};
		7EDF03622107BA0100DFEEE3 /* Release */ = {
			isa = XCBuildConfiguration;
			buildSettings = {
				ALWAYS_EMBED_SWIFT_STANDARD_LIBRARIES = YES;
				CODE_SIGN_STYLE = Automatic;
				DEVELOPMENT_TEAM = DBM67E5D74;
				INFOPLIST_FILE = FlashStashUITests/Info.plist;
				LD_RUNPATH_SEARCH_PATHS = (
					"$(inherited)",
					"@executable_path/Frameworks",
					"@loader_path/Frameworks",
				);
				PRODUCT_BUNDLE_IDENTIFIER = com.adammoskovich.FlashStashUITests;
				PRODUCT_NAME = "$(TARGET_NAME)";
				SWIFT_VERSION = 4.0;
				TARGETED_DEVICE_FAMILY = "1,2";
				TEST_TARGET_NAME = FlashStash;
			};
			name = Release;
		};
/* End XCBuildConfiguration section */

/* Begin XCConfigurationList section */
		7EDF03382107B9FE00DFEEE3 /* Build configuration list for PBXProject "FlashStash" */ = {
			isa = XCConfigurationList;
			buildConfigurations = (
				7EDF035B2107BA0100DFEEE3 /* Debug */,
				7EDF035C2107BA0100DFEEE3 /* Release */,
			);
			defaultConfigurationIsVisible = 0;
			defaultConfigurationName = Release;
		};
		7EDF035D2107BA0100DFEEE3 /* Build configuration list for PBXNativeTarget "FlashStash" */ = {
			isa = XCConfigurationList;
			buildConfigurations = (
				7EDF035E2107BA0100DFEEE3 /* Debug */,
				7EDF035F2107BA0100DFEEE3 /* Release */,
			);
			defaultConfigurationIsVisible = 0;
			defaultConfigurationName = Release;
		};
		7EDF03602107BA0100DFEEE3 /* Build configuration list for PBXNativeTarget "FlashStashUITests" */ = {
			isa = XCConfigurationList;
			buildConfigurations = (
				7EDF03612107BA0100DFEEE3 /* Debug */,
				7EDF03622107BA0100DFEEE3 /* Release */,
			);
			defaultConfigurationIsVisible = 0;
			defaultConfigurationName = Release;
		};
/* End XCConfigurationList section */

/* Begin XCVersionGroup section */
		7EDF03472107B9FF00DFEEE3 /* FlashStash.xcdatamodeld */ = {
			isa = XCVersionGroup;
			children = (
				7EDF03482107B9FF00DFEEE3 /* FlashStash.xcdatamodel */,
			);
			currentVersion = 7EDF03482107B9FF00DFEEE3 /* FlashStash.xcdatamodel */;
			path = FlashStash.xcdatamodeld;
			sourceTree = "<group>";
			versionGroupType = wrapper.xcdatamodel;
		};
/* End XCVersionGroup section */
	};
	rootObject = 7EDF03352107B9FE00DFEEE3 /* Project object */;
}
